Microsoft Visual Studio Solution File, Format Version 11.00
# Visual C# Express 2010
Project("{FAE04EC0-301F-11D3-BF4B-00C04F79EFBC}") = "Optimization1D", "Optimization1D.csproj", "{74E3C094-B60D-479C-85A9-12D9B21034F0}"
EndProject
Global
	GlobalSection(SolutionConfigurationPlatforms) = preSolution
		Debug|Any CPU = Debug|Any CPU
		Release|Any CPU = Release|Any CPU
	EndGlobalSection
	GlobalSection(ProjectConfigurationPlatforms) = postSolution
		{74E3C094-B60D-479C-85A9-12D9B21034F0}.Debug|Any CPU.ActiveCfg = Debug|Any CPU
		{74E3C094-B60D-479C-85A9-12D9B21034F0}.Debug|Any CPU.Build.0 = Debug|Any CPU
		{74E3C094-B60D-479C-85A9-12D9B21034F0}.Release|Any CPU.ActiveCfg = Release|Any CPU
		{74E3C094-B60D-479C-85A9-12D9B21034F0}.Release|Any CPU.Build.0 = Release|Any CPU
	EndGlobalSection
	GlobalSection(SolutionProperties) = preSolution
		HideSolutionNode = FALSE
	EndGlobalSection
EndGlobal
