
Microsoft Visual Studio Solution File, Format Version 11.00
# Visual C# Express 2010
Project("{FAE04EC0-301F-11D3-BF4B-00C04F79EFBC}") = "Animat", "Animat.csproj", "{B4892057-CAE6-41F4-A75D-88E61331A2D0}"
EndProject
Global
	GlobalSection(SolutionConfigurationPlatforms) = preSolution
		Debug|Any CPU = Debug|Any CPU
		Release|Any CPU = Release|Any CPU
	EndGlobalSection
	GlobalSection(ProjectConfigurationPlatforms) = postSolution
		{B4892057-CAE6-41F4-A75D-88E61331A2D0}.Debug|Any CPU.ActiveCfg = Debug|Any CPU
		{B4892057-CAE6-41F4-A75D-88E61331A2D0}.Debug|Any CPU.Build.0 = Debug|Any CPU
		{B4892057-CAE6-41F4-A75D-88E61331A2D0}.Release|Any CPU.ActiveCfg = Release|Any CPU
		{B4892057-CAE6-41F4-A75D-88E61331A2D0}.Release|Any CPU.Build.0 = Release|Any CPU
	EndGlobalSection
	GlobalSection(SolutionProperties) = preSolution
		HideSolutionNode = FALSE
	EndGlobalSection
EndGlobal
