
Microsoft Visual Studio Solution File, Format Version 12.00
# Visual Studio 2013
VisualStudioVersion = 12.0.31101.0
MinimumVisualStudioVersion = 10.0.40219.1
Project("{2150E333-8FDC-42A3-9474-1A3956D46DE8}") = "Solution Items", "Solution Items", "{51B993EE-FE3F-44B0-8FA1-C0EEBF2670C8}"
	ProjectSection(SolutionItems) = preProject
		Accord.NET.ruleset = Accord.NET.ruleset
		Accord.NET.testrunconfig = Accord.NET.testrunconfig
		Accord.NET.vsmdi = Accord.NET.vsmdi
		Building.txt = Building.txt
		..\Contributors.txt = ..\Contributors.txt
		..\Copyright.txt = ..\Copyright.txt
		..\License.txt = ..\License.txt
		..\Release notes.txt = ..\Release notes.txt
	EndProjectSection
EndProject
Project("{FAE04EC0-301F-11D3-BF4B-00C04F79EFBC}") = "Accord.Controls.Audio", "Accord.Controls.Audio\Accord.Controls.Audio.csproj", "{E0B826AC-2A51-41EC-9F09-561CA14A82BB}"
EndProject
Project("{FAE04EC0-301F-11D3-BF4B-00C04F79EFBC}") = "Accord.DirectSound", "Accord.DirectSound\Accord.DirectSound.csproj", "{456DB2E8-745A-4F87-A2BD-C43CF8677770}"
EndProject
Project("{FAE04EC0-301F-11D3-BF4B-00C04F79EFBC}") = "Accord.Audio.Formats", "Accord.Audio.Formats\Accord.Audio.Formats.csproj", "{EC70C2A7-2B49-40D3-AE82-4C2F6E1724AF}"
EndProject
Project("{FAE04EC0-301F-11D3-BF4B-00C04F79EFBC}") = "Accord.Audio", "Accord.Audio\Accord.Audio.csproj", "{E7B65F08-82F1-438F-847A-2AAC2BEC9AC0}"
EndProject
Project("{FAE04EC0-301F-11D3-BF4B-00C04F79EFBC}") = "Accord.Audition", "Accord.Audition\Accord.Audition.csproj", "{CDBEFB1A-10BC-49EC-9833-D2CF6D4F6131}"
EndProject
Project("{FAE04EC0-301F-11D3-BF4B-00C04F79EFBC}") = "Accord.Math", "Accord.Math\Accord.Math.csproj", "{F718E9A8-DB62-4785-8C49-4333A60D256A}"
EndProject
Project("{FAE04EC0-301F-11D3-BF4B-00C04F79EFBC}") = "Accord.Statistics", "Accord.Statistics\Accord.Statistics.csproj", "{FD8101DD-C95D-42D6-AD44-AE01C25F2811}"
EndProject
Project("{FAE04EC0-301F-11D3-BF4B-00C04F79EFBC}") = "Accord.Neuro", "Accord.Neuro\Accord.Neuro.csproj", "{179F3045-8757-4F4B-9508-F48327BA11E3}"
EndProject
Project("{FAE04EC0-301F-11D3-BF4B-00C04F79EFBC}") = "Accord.Controls", "Accord.Controls.Statistics\Accord.Controls.csproj", "{0AB27A20-925C-4556-9FA4-6E2C109E448E}"
EndProject
Project("{FAE04EC0-301F-11D3-BF4B-00C04F79EFBC}") = "Accord.Imaging", "Accord.Imaging\Accord.Imaging.csproj", "{4959A83D-F78F-439E-80A5-41583ECEAAC6}"
EndProject
Project("{FAE04EC0-301F-11D3-BF4B-00C04F79EFBC}") = "Accord.MachineLearning", "Accord.MachineLearning\Accord.MachineLearning.csproj", "{7AB4BBCC-6222-423D-9FF9-BA9CB7C09199}"
EndProject
Project("{FAE04EC0-301F-11D3-BF4B-00C04F79EFBC}") = "Accord.Controls.Imaging", "Accord.Controls.Imaging\Accord.Controls.Imaging.csproj", "{E1089999-EAED-4E55-AC47-B6A196DF84FC}"
EndProject
Project("{FAE04EC0-301F-11D3-BF4B-00C04F79EFBC}") = "Accord.Vision", "Accord.Vision\Accord.Vision.csproj", "{C70A159D-74A4-405F-9A7F-C17ACF451CCA}"
EndProject
Project("{FAE04EC0-301F-11D3-BF4B-00C04F79EFBC}") = "Accord.Core", "Accord.Core\Accord.Core.csproj", "{A177A90C-8207-466A-AF70-F2B8452A42AC}"
EndProject
Project("{FAE04EC0-301F-11D3-BF4B-00C04F79EFBC}") = "Accord.Controls.Vision", "Accord.Controls.Vision\Accord.Controls.Vision.csproj", "{6158E759-FE2B-4308-BA29-11C9E4A07812}"
EndProject
Project("{FAE04EC0-301F-11D3-BF4B-00C04F79EFBC}") = "Accord.MachineLearning (GPL)", "Extras\Accord.MachineLearning.GPL\Accord.MachineLearning (GPL).csproj", "{6DD1A48C-D7A8-4B39-9C06-5A71FEEC70B9}"
EndProject
Project("{FAE04EC0-301F-11D3-BF4B-00C04F79EFBC}") = "Accord.Math (Noncommercial)", "Extras\Accord.Math.NonCommercial\Accord.Math (Noncommercial).csproj", "{1A83AF16-1AC8-45E3-9E7E-FA7248C7CBCB}"
EndProject
Project("{2150E333-8FDC-42A3-9474-1A3956D46DE8}") = "Non-LGPL", "Non-LGPL", "{54EB52AC-52D0-4046-BDB6-276A5C7ED0F4}"
EndProject
Project("{FAE04EC0-301F-11D3-BF4B-00C04F79EFBC}") = "Accord.IO", "Accord.Formats\Accord.IO.csproj", "{63184EBD-6B28-4066-AAEE-5B99431E31F4}"
EndProject
Project("{FAE04EC0-301F-11D3-BF4B-00C04F79EFBC}") = "Accord.Tests.Math (Noncommercial)", "Extras\Accord.Tests.Math.Noncommercial\Accord.Tests.Math (Noncommercial).csproj", "{4C525826-D64B-4D2D-8BB3-33AF46649B05}"
EndProject
Project("{FAE04EC0-301F-11D3-BF4B-00C04F79EFBC}") = "Accord.Tests.MachineLearning (GPL)", "Extras\Accord.Tests.MachineLearning.GPL\Accord.Tests.MachineLearning (GPL).csproj", "{944A7FDE-890A-45CE-A958-AAE6553E2E24}"
EndProject
Global
	GlobalSection(SolutionConfigurationPlatforms) = preSolution
		Debug|Any CPU = Debug|Any CPU
		NET35|Any CPU = NET35|Any CPU
		NET40|Any CPU = NET40|Any CPU
		NET45|Any CPU = NET45|Any CPU
	EndGlobalSection
	GlobalSection(ProjectConfigurationPlatforms) = postSolution
		{E0B826AC-2A51-41EC-9F09-561CA14A82BB}.Debug|Any CPU.ActiveCfg = Debug|Any CPU
		{E0B826AC-2A51-41EC-9F09-561CA14A82BB}.Debug|Any CPU.Build.0 = Debug|Any CPU
		{E0B826AC-2A51-41EC-9F09-561CA14A82BB}.NET35|Any CPU.ActiveCfg = NET35|Any CPU
		{E0B826AC-2A51-41EC-9F09-561CA14A82BB}.NET35|Any CPU.Build.0 = NET35|Any CPU
		{E0B826AC-2A51-41EC-9F09-561CA14A82BB}.NET40|Any CPU.ActiveCfg = NET40|Any CPU
		{E0B826AC-2A51-41EC-9F09-561CA14A82BB}.NET40|Any CPU.Build.0 = NET40|Any CPU
		{E0B826AC-2A51-41EC-9F09-561CA14A82BB}.NET45|Any CPU.ActiveCfg = NET45|Any CPU
		{E0B826AC-2A51-41EC-9F09-561CA14A82BB}.NET45|Any CPU.Build.0 = NET45|Any CPU
		{456DB2E8-745A-4F87-A2BD-C43CF8677770}.Debug|Any CPU.ActiveCfg = Debug|Any CPU
		{456DB2E8-745A-4F87-A2BD-C43CF8677770}.Debug|Any CPU.Build.0 = Debug|Any CPU
		{456DB2E8-745A-4F87-A2BD-C43CF8677770}.NET35|Any CPU.ActiveCfg = NET35|Any CPU
		{456DB2E8-745A-4F87-A2BD-C43CF8677770}.NET35|Any CPU.Build.0 = NET35|Any CPU
		{456DB2E8-745A-4F87-A2BD-C43CF8677770}.NET40|Any CPU.ActiveCfg = NET40|Any CPU
		{456DB2E8-745A-4F87-A2BD-C43CF8677770}.NET40|Any CPU.Build.0 = NET40|Any CPU
		{456DB2E8-745A-4F87-A2BD-C43CF8677770}.NET45|Any CPU.ActiveCfg = NET45|Any CPU
		{456DB2E8-745A-4F87-A2BD-C43CF8677770}.NET45|Any CPU.Build.0 = NET45|Any CPU
		{EC70C2A7-2B49-40D3-AE82-4C2F6E1724AF}.Debug|Any CPU.ActiveCfg = Debug|Any CPU
		{EC70C2A7-2B49-40D3-AE82-4C2F6E1724AF}.Debug|Any CPU.Build.0 = Debug|Any CPU
		{EC70C2A7-2B49-40D3-AE82-4C2F6E1724AF}.NET35|Any CPU.ActiveCfg = NET35|Any CPU
		{EC70C2A7-2B49-40D3-AE82-4C2F6E1724AF}.NET35|Any CPU.Build.0 = NET35|Any CPU
		{EC70C2A7-2B49-40D3-AE82-4C2F6E1724AF}.NET40|Any CPU.ActiveCfg = NET40|Any CPU
		{EC70C2A7-2B49-40D3-AE82-4C2F6E1724AF}.NET40|Any CPU.Build.0 = NET40|Any CPU
		{EC70C2A7-2B49-40D3-AE82-4C2F6E1724AF}.NET45|Any CPU.ActiveCfg = NET45|Any CPU
		{EC70C2A7-2B49-40D3-AE82-4C2F6E1724AF}.NET45|Any CPU.Build.0 = NET45|Any CPU
		{E7B65F08-82F1-438F-847A-2AAC2BEC9AC0}.Debug|Any CPU.ActiveCfg = Debug|Any CPU
		{E7B65F08-82F1-438F-847A-2AAC2BEC9AC0}.Debug|Any CPU.Build.0 = Debug|Any CPU
		{E7B65F08-82F1-438F-847A-2AAC2BEC9AC0}.NET35|Any CPU.ActiveCfg = NET35|Any CPU
		{E7B65F08-82F1-438F-847A-2AAC2BEC9AC0}.NET35|Any CPU.Build.0 = NET35|Any CPU
		{E7B65F08-82F1-438F-847A-2AAC2BEC9AC0}.NET40|Any CPU.ActiveCfg = NET40|Any CPU
		{E7B65F08-82F1-438F-847A-2AAC2BEC9AC0}.NET40|Any CPU.Build.0 = NET40|Any CPU
		{E7B65F08-82F1-438F-847A-2AAC2BEC9AC0}.NET45|Any CPU.ActiveCfg = NET45|Any CPU
		{E7B65F08-82F1-438F-847A-2AAC2BEC9AC0}.NET45|Any CPU.Build.0 = NET45|Any CPU
		{CDBEFB1A-10BC-49EC-9833-D2CF6D4F6131}.Debug|Any CPU.ActiveCfg = Debug|Any CPU
		{CDBEFB1A-10BC-49EC-9833-D2CF6D4F6131}.Debug|Any CPU.Build.0 = Debug|Any CPU
		{CDBEFB1A-10BC-49EC-9833-D2CF6D4F6131}.NET35|Any CPU.ActiveCfg = NET35|Any CPU
		{CDBEFB1A-10BC-49EC-9833-D2CF6D4F6131}.NET35|Any CPU.Build.0 = NET35|Any CPU
		{CDBEFB1A-10BC-49EC-9833-D2CF6D4F6131}.NET40|Any CPU.ActiveCfg = NET40|Any CPU
		{CDBEFB1A-10BC-49EC-9833-D2CF6D4F6131}.NET40|Any CPU.Build.0 = NET40|Any CPU
		{CDBEFB1A-10BC-49EC-9833-D2CF6D4F6131}.NET45|Any CPU.ActiveCfg = NET45|Any CPU
		{CDBEFB1A-10BC-49EC-9833-D2CF6D4F6131}.NET45|Any CPU.Build.0 = NET45|Any CPU
		{F718E9A8-DB62-4785-8C49-4333A60D256A}.Debug|Any CPU.ActiveCfg = Debug|Any CPU
		{F718E9A8-DB62-4785-8C49-4333A60D256A}.Debug|Any CPU.Build.0 = Debug|Any CPU
		{F718E9A8-DB62-4785-8C49-4333A60D256A}.NET35|Any CPU.ActiveCfg = NET35|Any CPU
		{F718E9A8-DB62-4785-8C49-4333A60D256A}.NET35|Any CPU.Build.0 = NET35|Any CPU
		{F718E9A8-DB62-4785-8C49-4333A60D256A}.NET40|Any CPU.ActiveCfg = NET40|Any CPU
		{F718E9A8-DB62-4785-8C49-4333A60D256A}.NET40|Any CPU.Build.0 = NET40|Any CPU
		{F718E9A8-DB62-4785-8C49-4333A60D256A}.NET45|Any CPU.ActiveCfg = NET45|Any CPU
		{F718E9A8-DB62-4785-8C49-4333A60D256A}.NET45|Any CPU.Build.0 = NET45|Any CPU
		{FD8101DD-C95D-42D6-AD44-AE01C25F2811}.Debug|Any CPU.ActiveCfg = Debug|Any CPU
		{FD8101DD-C95D-42D6-AD44-AE01C25F2811}.Debug|Any CPU.Build.0 = Debug|Any CPU
		{FD8101DD-C95D-42D6-AD44-AE01C25F2811}.NET35|Any CPU.ActiveCfg = NET35|Any CPU
		{FD8101DD-C95D-42D6-AD44-AE01C25F2811}.NET35|Any CPU.Build.0 = NET35|Any CPU
		{FD8101DD-C95D-42D6-AD44-AE01C25F2811}.NET40|Any CPU.ActiveCfg = NET40|Any CPU
		{FD8101DD-C95D-42D6-AD44-AE01C25F2811}.NET40|Any CPU.Build.0 = NET40|Any CPU
		{FD8101DD-C95D-42D6-AD44-AE01C25F2811}.NET45|Any CPU.ActiveCfg = NET45|Any CPU
		{FD8101DD-C95D-42D6-AD44-AE01C25F2811}.NET45|Any CPU.Build.0 = NET45|Any CPU
		{179F3045-8757-4F4B-9508-F48327BA11E3}.Debug|Any CPU.ActiveCfg = Debug|Any CPU
		{179F3045-8757-4F4B-9508-F48327BA11E3}.Debug|Any CPU.Build.0 = Debug|Any CPU
		{179F3045-8757-4F4B-9508-F48327BA11E3}.NET35|Any CPU.ActiveCfg = NET35|Any CPU
		{179F3045-8757-4F4B-9508-F48327BA11E3}.NET35|Any CPU.Build.0 = NET35|Any CPU
		{179F3045-8757-4F4B-9508-F48327BA11E3}.NET40|Any CPU.ActiveCfg = NET40|Any CPU
		{179F3045-8757-4F4B-9508-F48327BA11E3}.NET40|Any CPU.Build.0 = NET40|Any CPU
		{179F3045-8757-4F4B-9508-F48327BA11E3}.NET45|Any CPU.ActiveCfg = NET45|Any CPU
		{179F3045-8757-4F4B-9508-F48327BA11E3}.NET45|Any CPU.Build.0 = NET45|Any CPU
		{0AB27A20-925C-4556-9FA4-6E2C109E448E}.Debug|Any CPU.ActiveCfg = Debug|Any CPU
		{0AB27A20-925C-4556-9FA4-6E2C109E448E}.Debug|Any CPU.Build.0 = Debug|Any CPU
		{0AB27A20-925C-4556-9FA4-6E2C109E448E}.NET35|Any CPU.ActiveCfg = NET35|Any CPU
		{0AB27A20-925C-4556-9FA4-6E2C109E448E}.NET35|Any CPU.Build.0 = NET35|Any CPU
		{0AB27A20-925C-4556-9FA4-6E2C109E448E}.NET40|Any CPU.ActiveCfg = NET40|Any CPU
		{0AB27A20-925C-4556-9FA4-6E2C109E448E}.NET40|Any CPU.Build.0 = NET40|Any CPU
		{0AB27A20-925C-4556-9FA4-6E2C109E448E}.NET45|Any CPU.ActiveCfg = NET45|Any CPU
		{0AB27A20-925C-4556-9FA4-6E2C109E448E}.NET45|Any CPU.Build.0 = NET45|Any CPU
		{4959A83D-F78F-439E-80A5-41583ECEAAC6}.Debug|Any CPU.ActiveCfg = Debug|Any CPU
		{4959A83D-F78F-439E-80A5-41583ECEAAC6}.Debug|Any CPU.Build.0 = Debug|Any CPU
		{4959A83D-F78F-439E-80A5-41583ECEAAC6}.NET35|Any CPU.ActiveCfg = NET35|Any CPU
		{4959A83D-F78F-439E-80A5-41583ECEAAC6}.NET35|Any CPU.Build.0 = NET35|Any CPU
		{4959A83D-F78F-439E-80A5-41583ECEAAC6}.NET40|Any CPU.ActiveCfg = NET40|Any CPU
		{4959A83D-F78F-439E-80A5-41583ECEAAC6}.NET40|Any CPU.Build.0 = NET40|Any CPU
		{4959A83D-F78F-439E-80A5-41583ECEAAC6}.NET45|Any CPU.ActiveCfg = NET45|Any CPU
		{4959A83D-F78F-439E-80A5-41583ECEAAC6}.NET45|Any CPU.Build.0 = NET45|Any CPU
		{7AB4BBCC-6222-423D-9FF9-BA9CB7C09199}.Debug|Any CPU.ActiveCfg = Debug|Any CPU
		{7AB4BBCC-6222-423D-9FF9-BA9CB7C09199}.Debug|Any CPU.Build.0 = Debug|Any CPU
		{7AB4BBCC-6222-423D-9FF9-BA9CB7C09199}.NET35|Any CPU.ActiveCfg = NET35|Any CPU
		{7AB4BBCC-6222-423D-9FF9-BA9CB7C09199}.NET35|Any CPU.Build.0 = NET35|Any CPU
		{7AB4BBCC-6222-423D-9FF9-BA9CB7C09199}.NET40|Any CPU.ActiveCfg = NET40|Any CPU
		{7AB4BBCC-6222-423D-9FF9-BA9CB7C09199}.NET40|Any CPU.Build.0 = NET40|Any CPU
		{7AB4BBCC-6222-423D-9FF9-BA9CB7C09199}.NET45|Any CPU.ActiveCfg = NET45|Any CPU
		{7AB4BBCC-6222-423D-9FF9-BA9CB7C09199}.NET45|Any CPU.Build.0 = NET45|Any CPU
		{E1089999-EAED-4E55-AC47-B6A196DF84FC}.Debug|Any CPU.ActiveCfg = Debug|Any CPU
		{E1089999-EAED-4E55-AC47-B6A196DF84FC}.Debug|Any CPU.Build.0 = Debug|Any CPU
		{E1089999-EAED-4E55-AC47-B6A196DF84FC}.NET35|Any CPU.ActiveCfg = NET35|Any CPU
		{E1089999-EAED-4E55-AC47-B6A196DF84FC}.NET35|Any CPU.Build.0 = NET35|Any CPU
		{E1089999-EAED-4E55-AC47-B6A196DF84FC}.NET40|Any CPU.ActiveCfg = NET40|Any CPU
		{E1089999-EAED-4E55-AC47-B6A196DF84FC}.NET40|Any CPU.Build.0 = NET40|Any CPU
		{E1089999-EAED-4E55-AC47-B6A196DF84FC}.NET45|Any CPU.ActiveCfg = NET45|Any CPU
		{E1089999-EAED-4E55-AC47-B6A196DF84FC}.NET45|Any CPU.Build.0 = NET45|Any CPU
		{C70A159D-74A4-405F-9A7F-C17ACF451CCA}.Debug|Any CPU.ActiveCfg = Debug|Any CPU
		{C70A159D-74A4-405F-9A7F-C17ACF451CCA}.Debug|Any CPU.Build.0 = Debug|Any CPU
		{C70A159D-74A4-405F-9A7F-C17ACF451CCA}.NET35|Any CPU.ActiveCfg = NET35|Any CPU
		{C70A159D-74A4-405F-9A7F-C17ACF451CCA}.NET35|Any CPU.Build.0 = NET35|Any CPU
		{C70A159D-74A4-405F-9A7F-C17ACF451CCA}.NET40|Any CPU.ActiveCfg = NET40|Any CPU
		{C70A159D-74A4-405F-9A7F-C17ACF451CCA}.NET40|Any CPU.Build.0 = NET40|Any CPU
		{C70A159D-74A4-405F-9A7F-C17ACF451CCA}.NET45|Any CPU.ActiveCfg = NET45|Any CPU
		{C70A159D-74A4-405F-9A7F-C17ACF451CCA}.NET45|Any CPU.Build.0 = NET45|Any CPU
		{A177A90C-8207-466A-AF70-F2B8452A42AC}.Debug|Any CPU.ActiveCfg = Debug|Any CPU
		{A177A90C-8207-466A-AF70-F2B8452A42AC}.Debug|Any CPU.Build.0 = Debug|Any CPU
		{A177A90C-8207-466A-AF70-F2B8452A42AC}.NET35|Any CPU.ActiveCfg = NET35|Any CPU
		{A177A90C-8207-466A-AF70-F2B8452A42AC}.NET35|Any CPU.Build.0 = NET35|Any CPU
		{A177A90C-8207-466A-AF70-F2B8452A42AC}.NET40|Any CPU.ActiveCfg = NET40|Any CPU
		{A177A90C-8207-466A-AF70-F2B8452A42AC}.NET40|Any CPU.Build.0 = NET40|Any CPU
		{A177A90C-8207-466A-AF70-F2B8452A42AC}.NET45|Any CPU.ActiveCfg = NET45|Any CPU
		{A177A90C-8207-466A-AF70-F2B8452A42AC}.NET45|Any CPU.Build.0 = NET45|Any CPU
		{6158E759-FE2B-4308-BA29-11C9E4A07812}.Debug|Any CPU.ActiveCfg = Debug|Any CPU
		{6158E759-FE2B-4308-BA29-11C9E4A07812}.Debug|Any CPU.Build.0 = Debug|Any CPU
		{6158E759-FE2B-4308-BA29-11C9E4A07812}.NET35|Any CPU.ActiveCfg = NET35|Any CPU
		{6158E759-FE2B-4308-BA29-11C9E4A07812}.NET35|Any CPU.Build.0 = NET35|Any CPU
		{6158E759-FE2B-4308-BA29-11C9E4A07812}.NET40|Any CPU.ActiveCfg = NET40|Any CPU
		{6158E759-FE2B-4308-BA29-11C9E4A07812}.NET40|Any CPU.Build.0 = NET40|Any CPU
		{6158E759-FE2B-4308-BA29-11C9E4A07812}.NET45|Any CPU.ActiveCfg = NET45|Any CPU
		{6158E759-FE2B-4308-BA29-11C9E4A07812}.NET45|Any CPU.Build.0 = NET45|Any CPU
		{6DD1A48C-D7A8-4B39-9C06-5A71FEEC70B9}.Debug|Any CPU.ActiveCfg = Debug|Any CPU
		{6DD1A48C-D7A8-4B39-9C06-5A71FEEC70B9}.Debug|Any CPU.Build.0 = Debug|Any CPU
		{6DD1A48C-D7A8-4B39-9C06-5A71FEEC70B9}.NET35|Any CPU.ActiveCfg = NET35|Any CPU
		{6DD1A48C-D7A8-4B39-9C06-5A71FEEC70B9}.NET35|Any CPU.Build.0 = NET35|Any CPU
		{6DD1A48C-D7A8-4B39-9C06-5A71FEEC70B9}.NET40|Any CPU.ActiveCfg = NET40|Any CPU
		{6DD1A48C-D7A8-4B39-9C06-5A71FEEC70B9}.NET40|Any CPU.Build.0 = NET40|Any CPU
		{6DD1A48C-D7A8-4B39-9C06-5A71FEEC70B9}.NET45|Any CPU.ActiveCfg = NET45|Any CPU
		{6DD1A48C-D7A8-4B39-9C06-5A71FEEC70B9}.NET45|Any CPU.Build.0 = NET45|Any CPU
		{1A83AF16-1AC8-45E3-9E7E-FA7248C7CBCB}.Debug|Any CPU.ActiveCfg = Debug|Any CPU
		{1A83AF16-1AC8-45E3-9E7E-FA7248C7CBCB}.Debug|Any CPU.Build.0 = Debug|Any CPU
		{1A83AF16-1AC8-45E3-9E7E-FA7248C7CBCB}.NET35|Any CPU.ActiveCfg = NET35|Any CPU
		{1A83AF16-1AC8-45E3-9E7E-FA7248C7CBCB}.NET35|Any CPU.Build.0 = NET35|Any CPU
		{1A83AF16-1AC8-45E3-9E7E-FA7248C7CBCB}.NET40|Any CPU.ActiveCfg = NET40|Any CPU
		{1A83AF16-1AC8-45E3-9E7E-FA7248C7CBCB}.NET40|Any CPU.Build.0 = NET40|Any CPU
		{1A83AF16-1AC8-45E3-9E7E-FA7248C7CBCB}.NET45|Any CPU.ActiveCfg = NET45|Any CPU
		{1A83AF16-1AC8-45E3-9E7E-FA7248C7CBCB}.NET45|Any CPU.Build.0 = NET45|Any CPU
		{63184EBD-6B28-4066-AAEE-5B99431E31F4}.Debug|Any CPU.ActiveCfg = Debug|Any CPU
		{63184EBD-6B28-4066-AAEE-5B99431E31F4}.Debug|Any CPU.Build.0 = Debug|Any CPU
		{63184EBD-6B28-4066-AAEE-5B99431E31F4}.NET35|Any CPU.ActiveCfg = NET35|Any CPU
		{63184EBD-6B28-4066-AAEE-5B99431E31F4}.NET35|Any CPU.Build.0 = NET35|Any CPU
		{63184EBD-6B28-4066-AAEE-5B99431E31F4}.NET40|Any CPU.ActiveCfg = NET40|Any CPU
		{63184EBD-6B28-4066-AAEE-5B99431E31F4}.NET40|Any CPU.Build.0 = NET40|Any CPU
		{63184EBD-6B28-4066-AAEE-5B99431E31F4}.NET45|Any CPU.ActiveCfg = NET45|Any CPU
		{63184EBD-6B28-4066-AAEE-5B99431E31F4}.NET45|Any CPU.Build.0 = NET45|Any CPU
		{4C525826-D64B-4D2D-8BB3-33AF46649B05}.Debug|Any CPU.ActiveCfg = Debug|Any CPU
		{4C525826-D64B-4D2D-8BB3-33AF46649B05}.Debug|Any CPU.Build.0 = Debug|Any CPU
		{4C525826-D64B-4D2D-8BB3-33AF46649B05}.NET35|Any CPU.ActiveCfg = NET35|Any CPU
		{4C525826-D64B-4D2D-8BB3-33AF46649B05}.NET35|Any CPU.Build.0 = NET35|Any CPU
		{4C525826-D64B-4D2D-8BB3-33AF46649B05}.NET40|Any CPU.ActiveCfg = NET40|Any CPU
		{4C525826-D64B-4D2D-8BB3-33AF46649B05}.NET40|Any CPU.Build.0 = NET40|Any CPU
		{4C525826-D64B-4D2D-8BB3-33AF46649B05}.NET45|Any CPU.ActiveCfg = NET45|Any CPU
		{4C525826-D64B-4D2D-8BB3-33AF46649B05}.NET45|Any CPU.Build.0 = NET45|Any CPU
		{944A7FDE-890A-45CE-A958-AAE6553E2E24}.Debug|Any CPU.ActiveCfg = Debug|Any CPU
		{944A7FDE-890A-45CE-A958-AAE6553E2E24}.Debug|Any CPU.Build.0 = Debug|Any CPU
		{944A7FDE-890A-45CE-A958-AAE6553E2E24}.NET35|Any CPU.ActiveCfg = NET35|Any CPU
		{944A7FDE-890A-45CE-A958-AAE6553E2E24}.NET35|Any CPU.Build.0 = NET35|Any CPU
		{944A7FDE-890A-45CE-A958-AAE6553E2E24}.NET40|Any CPU.ActiveCfg = NET40|Any CPU
		{944A7FDE-890A-45CE-A958-AAE6553E2E24}.NET40|Any CPU.Build.0 = NET40|Any CPU
		{944A7FDE-890A-45CE-A958-AAE6553E2E24}.NET45|Any CPU.ActiveCfg = NET45|Any CPU
		{944A7FDE-890A-45CE-A958-AAE6553E2E24}.NET45|Any CPU.Build.0 = NET45|Any CPU
	EndGlobalSection
	GlobalSection(SolutionProperties) = preSolution
		HideSolutionNode = FALSE
	EndGlobalSection
	GlobalSection(NestedProjects) = preSolution
		{6DD1A48C-D7A8-4B39-9C06-5A71FEEC70B9} = {54EB52AC-52D0-4046-BDB6-276A5C7ED0F4}
		{1A83AF16-1AC8-45E3-9E7E-FA7248C7CBCB} = {54EB52AC-52D0-4046-BDB6-276A5C7ED0F4}
		{4C525826-D64B-4D2D-8BB3-33AF46649B05} = {54EB52AC-52D0-4046-BDB6-276A5C7ED0F4}
		{944A7FDE-890A-45CE-A958-AAE6553E2E24} = {54EB52AC-52D0-4046-BDB6-276A5C7ED0F4}
	EndGlobalSection
	GlobalSection(TestCaseManagementSettings) = postSolution
		CategoryFile = Accord.NET.vsmdi
	EndGlobalSection
EndGlobal
