
Microsoft Visual Studio Solution File, Format Version 12.00
# Visual Studio 2012
Project("{2150E333-8FDC-42A3-9474-1A3956D46DE8}") = "Unit Tests", "Unit Tests", "{D059B679-8B38-44FE-BEC6-8DFF9271CE59}"
EndProject
Project("{2150E333-8FDC-42A3-9474-1A3956D46DE8}") = "Solution Items", "Solution Items", "{51B993EE-FE3F-44B0-8FA1-C0EEBF2670C8}"
	ProjectSection(SolutionItems) = preProject
		Accord.NET.ruleset = Accord.NET.ruleset
		Accord.NET.testrunconfig = Accord.NET.testrunconfig
		Accord.NET.vsmdi = Accord.NET.vsmdi
		Building.txt = Building.txt
		..\Copyright.txt = ..\Copyright.txt
		..\License.txt = ..\License.txt
		..\Release notes.txt = ..\Release notes.txt
	EndProjectSection
EndProject
Project("{FAE04EC0-301F-11D3-BF4B-00C04F79EFBC}") = "Accord.Controls.Audio", "Accord.Controls.Audio\Accord.Controls.Audio.csproj", "{E0B826AC-2A51-41EC-9F09-561CA14A82BB}"
EndProject
Project("{FAE04EC0-301F-11D3-BF4B-00C04F79EFBC}") = "Accord.DirectSound", "Accord.DirectSound\Accord.DirectSound.csproj", "{456DB2E8-745A-4F87-A2BD-C43CF8677770}"
EndProject
Project("{FAE04EC0-301F-11D3-BF4B-00C04F79EFBC}") = "Accord.Audio.Formats", "Accord.Audio.Formats\Accord.Audio.Formats.csproj", "{EC70C2A7-2B49-40D3-AE82-4C2F6E1724AF}"
EndProject
Project("{FAE04EC0-301F-11D3-BF4B-00C04F79EFBC}") = "Accord.Audio", "Accord.Audio\Accord.Audio.csproj", "{E7B65F08-82F1-438F-847A-2AAC2BEC9AC0}"
EndProject
Project("{FAE04EC0-301F-11D3-BF4B-00C04F79EFBC}") = "Accord.Audition", "Accord.Audition\Accord.Audition.csproj", "{CDBEFB1A-10BC-49EC-9833-D2CF6D4F6131}"
EndProject
Project("{FAE04EC0-301F-11D3-BF4B-00C04F79EFBC}") = "Accord.Math", "Accord.Math\Accord.Math.csproj", "{F718E9A8-DB62-4785-8C49-4333A60D256A}"
EndProject
Project("{FAE04EC0-301F-11D3-BF4B-00C04F79EFBC}") = "Accord.Statistics", "Accord.Statistics\Accord.Statistics.csproj", "{FD8101DD-C95D-42D6-AD44-AE01C25F2811}"
EndProject
Project("{FAE04EC0-301F-11D3-BF4B-00C04F79EFBC}") = "Accord.Neuro", "Accord.Neuro\Accord.Neuro.csproj", "{179F3045-8757-4F4B-9508-F48327BA11E3}"
EndProject
Project("{FAE04EC0-301F-11D3-BF4B-00C04F79EFBC}") = "Accord.Tests.Math", "Accord.Tests\Accord.Tests.Math\Accord.Tests.Math.csproj", "{F454DBD6-2AB9-461D-9624-2249B921B6E6}"
EndProject
Project("{FAE04EC0-301F-11D3-BF4B-00C04F79EFBC}") = "Accord.Tests.Statistics", "Accord.Tests\Accord.Tests.Statistics\Accord.Tests.Statistics.csproj", "{49679C95-28CE-4D35-8F38-3D67A511A3C1}"
EndProject
Project("{FAE04EC0-301F-11D3-BF4B-00C04F79EFBC}") = "Accord.Controls", "Accord.Controls.Statistics\Accord.Controls.csproj", "{0AB27A20-925C-4556-9FA4-6E2C109E448E}"
EndProject
Project("{FAE04EC0-301F-11D3-BF4B-00C04F79EFBC}") = "Accord.Imaging", "Accord.Imaging\Accord.Imaging.csproj", "{4959A83D-F78F-439E-80A5-41583ECEAAC6}"
EndProject
Project("{FAE04EC0-301F-11D3-BF4B-00C04F79EFBC}") = "Accord.MachineLearning", "Accord.MachineLearning\Accord.MachineLearning.csproj", "{7AB4BBCC-6222-423D-9FF9-BA9CB7C09199}"
EndProject
Project("{FAE04EC0-301F-11D3-BF4B-00C04F79EFBC}") = "Accord.Tests.MachineLearning", "Accord.Tests\Accord.Tests.MachineLearning\Accord.Tests.MachineLearning.csproj", "{987E989A-E48B-428F-A392-0E7EEC9BCECD}"
EndProject
Project("{FAE04EC0-301F-11D3-BF4B-00C04F79EFBC}") = "Accord.Tests.Neuro", "Accord.Tests\Accord.Tests.Neuro\Accord.Tests.Neuro.csproj", "{AB8B83D8-F7B4-4C21-AEB4-B0C5D2217DEF}"
EndProject
Project("{FAE04EC0-301F-11D3-BF4B-00C04F79EFBC}") = "Accord.Tests.Imaging", "Accord.Tests\Accord.Tests.Imaging\Accord.Tests.Imaging.csproj", "{16A563A2-2D02-4B9E-B3F8-F36DD72F4477}"
EndProject
Project("{FAE04EC0-301F-11D3-BF4B-00C04F79EFBC}") = "Accord.Controls.Imaging", "Accord.Controls.Imaging\Accord.Controls.Imaging.csproj", "{E1089999-EAED-4E55-AC47-B6A196DF84FC}"
EndProject
Project("{FAE04EC0-301F-11D3-BF4B-00C04F79EFBC}") = "Accord.Vision", "Accord.Vision\Accord.Vision.csproj", "{C70A159D-74A4-405F-9A7F-C17ACF451CCA}"
EndProject
Project("{FAE04EC0-301F-11D3-BF4B-00C04F79EFBC}") = "Accord.Tests.Vision", "Accord.Tests\Accord.Tests.Vision\Accord.Tests.Vision.csproj", "{8046613E-799A-460C-985A-444C0327B49C}"
EndProject
Project("{FAE04EC0-301F-11D3-BF4B-00C04F79EFBC}") = "Accord.Core", "Accord.Core\Accord.Core.csproj", "{A177A90C-8207-466A-AF70-F2B8452A42AC}"
EndProject
Project("{FAE04EC0-301F-11D3-BF4B-00C04F79EFBC}") = "Accord.Tests.Audio", "Accord.Tests\Accord.Tests.Audio\Accord.Tests.Audio.csproj", "{19385AE1-57CA-4082-AD33-62480D02C1D9}"
EndProject
Project("{FAE04EC0-301F-11D3-BF4B-00C04F79EFBC}") = "Accord.Controls.Vision", "Accord.Controls.Vision\Accord.Controls.Vision.csproj", "{6158E759-FE2B-4308-BA29-11C9E4A07812}"
EndProject
Project("{2150E333-8FDC-42A3-9474-1A3956D46DE8}") = "Docs", "Docs", "{3364C282-6629-4FC0-B7D3-E488576D7115}"
EndProject
Project("{7CF6DF6D-3B04-46F8-A40B-537D21BCA0B4}") = "Accord.Documentation", "Accord.Docs\Accord.Documentation\Accord.Documentation.shfbproj", "{048ACC63-3B91-4E14-B5A3-38E7898426FE}"
EndProject
Project("{FAE04EC0-301F-11D3-BF4B-00C04F79EFBC}") = "Accord.MachineLearning (GPL)", "Accord.MachineLearning.GPL\Accord.MachineLearning (GPL).csproj", "{6DD1A48C-D7A8-4B39-9C06-5A71FEEC70B9}"
EndProject
Project("{2150E333-8FDC-42A3-9474-1A3956D46DE8}") = "Setup", "Setup", "{98CCD2AC-1853-4413-A2C7-B7283715B0FE}"
EndProject
Project("{FAE04EC0-301F-11D3-BF4B-00C04F79EFBC}") = "Accord.Setup", "..\Setup\Accord.Setup.csproj", "{F00F5E2D-D181-4FCC-8F2E-FDCB90F4721B}"
EndProject
Project("{FAE04EC0-301F-11D3-BF4B-00C04F79EFBC}") = "Accord.Tests.MachineLearning.GPL", "Accord.Tests\Accord.Tests.MachineLearning.GPL\Accord.Tests.MachineLearning.GPL.csproj", "{357A4733-F671-439C-9D40-85E3D6C6B23A}"
EndProject
Project("{FAE04EC0-301F-11D3-BF4B-00C04F79EFBC}") = "Accord.Namespaces", "Accord.Docs\Namespaces\Accord.Namespaces.csproj", "{4ED2AB06-991F-44FF-AC01-53394B222AF7}"
EndProject
Global
	GlobalSection(TestCaseManagementSettings) = postSolution
		CategoryFile = Accord.NET.vsmdi
	EndGlobalSection
	GlobalSection(SolutionConfigurationPlatforms) = preSolution
		Debug|Any CPU = Debug|Any CPU
		Release (3.5)|Any CPU = Release (3.5)|Any CPU
		Release (4.0)|Any CPU = Release (4.0)|Any CPU
	EndGlobalSection
	GlobalSection(ProjectConfigurationPlatforms) = postSolution
		{E0B826AC-2A51-41EC-9F09-561CA14A82BB}.Debug|Any CPU.ActiveCfg = Debug|Any CPU
		{E0B826AC-2A51-41EC-9F09-561CA14A82BB}.Debug|Any CPU.Build.0 = Debug|Any CPU
		{E0B826AC-2A51-41EC-9F09-561CA14A82BB}.Release (3.5)|Any CPU.ActiveCfg = Release 3.5|Any CPU
		{E0B826AC-2A51-41EC-9F09-561CA14A82BB}.Release (4.0)|Any CPU.ActiveCfg = Release|Any CPU
		{E0B826AC-2A51-41EC-9F09-561CA14A82BB}.Release (4.0)|Any CPU.Build.0 = Release|Any CPU
		{456DB2E8-745A-4F87-A2BD-C43CF8677770}.Debug|Any CPU.ActiveCfg = Debug|Any CPU
		{456DB2E8-745A-4F87-A2BD-C43CF8677770}.Debug|Any CPU.Build.0 = Debug|Any CPU
		{456DB2E8-745A-4F87-A2BD-C43CF8677770}.Release (3.5)|Any CPU.ActiveCfg = Release 3.5|Any CPU
		{456DB2E8-745A-4F87-A2BD-C43CF8677770}.Release (4.0)|Any CPU.ActiveCfg = Release|Any CPU
		{456DB2E8-745A-4F87-A2BD-C43CF8677770}.Release (4.0)|Any CPU.Build.0 = Release|Any CPU
		{EC70C2A7-2B49-40D3-AE82-4C2F6E1724AF}.Debug|Any CPU.ActiveCfg = Debug|Any CPU
		{EC70C2A7-2B49-40D3-AE82-4C2F6E1724AF}.Debug|Any CPU.Build.0 = Debug|Any CPU
		{EC70C2A7-2B49-40D3-AE82-4C2F6E1724AF}.Release (3.5)|Any CPU.ActiveCfg = Release 3.5|Any CPU
		{EC70C2A7-2B49-40D3-AE82-4C2F6E1724AF}.Release (4.0)|Any CPU.ActiveCfg = Release|Any CPU
		{EC70C2A7-2B49-40D3-AE82-4C2F6E1724AF}.Release (4.0)|Any CPU.Build.0 = Release|Any CPU
		{E7B65F08-82F1-438F-847A-2AAC2BEC9AC0}.Debug|Any CPU.ActiveCfg = Debug|Any CPU
		{E7B65F08-82F1-438F-847A-2AAC2BEC9AC0}.Debug|Any CPU.Build.0 = Debug|Any CPU
		{E7B65F08-82F1-438F-847A-2AAC2BEC9AC0}.Release (3.5)|Any CPU.ActiveCfg = Release 3.5|Any CPU
		{E7B65F08-82F1-438F-847A-2AAC2BEC9AC0}.Release (4.0)|Any CPU.ActiveCfg = Release|Any CPU
		{E7B65F08-82F1-438F-847A-2AAC2BEC9AC0}.Release (4.0)|Any CPU.Build.0 = Release|Any CPU
		{CDBEFB1A-10BC-49EC-9833-D2CF6D4F6131}.Debug|Any CPU.ActiveCfg = Debug|Any CPU
		{CDBEFB1A-10BC-49EC-9833-D2CF6D4F6131}.Debug|Any CPU.Build.0 = Debug|Any CPU
		{CDBEFB1A-10BC-49EC-9833-D2CF6D4F6131}.Release (3.5)|Any CPU.ActiveCfg = Release 3.5|Any CPU
		{CDBEFB1A-10BC-49EC-9833-D2CF6D4F6131}.Release (4.0)|Any CPU.ActiveCfg = Release|Any CPU
		{CDBEFB1A-10BC-49EC-9833-D2CF6D4F6131}.Release (4.0)|Any CPU.Build.0 = Release|Any CPU
		{F718E9A8-DB62-4785-8C49-4333A60D256A}.Debug|Any CPU.ActiveCfg = Debug|Any CPU
		{F718E9A8-DB62-4785-8C49-4333A60D256A}.Debug|Any CPU.Build.0 = Debug|Any CPU
		{F718E9A8-DB62-4785-8C49-4333A60D256A}.Release (3.5)|Any CPU.ActiveCfg = Release 3.5|Any CPU
		{F718E9A8-DB62-4785-8C49-4333A60D256A}.Release (3.5)|Any CPU.Build.0 = Release 3.5|Any CPU
		{F718E9A8-DB62-4785-8C49-4333A60D256A}.Release (4.0)|Any CPU.ActiveCfg = Release|Any CPU
		{F718E9A8-DB62-4785-8C49-4333A60D256A}.Release (4.0)|Any CPU.Build.0 = Release|Any CPU
		{FD8101DD-C95D-42D6-AD44-AE01C25F2811}.Debug|Any CPU.ActiveCfg = Debug|Any CPU
		{FD8101DD-C95D-42D6-AD44-AE01C25F2811}.Debug|Any CPU.Build.0 = Debug|Any CPU
		{FD8101DD-C95D-42D6-AD44-AE01C25F2811}.Release (3.5)|Any CPU.ActiveCfg = Release 3.5|Any CPU
		{FD8101DD-C95D-42D6-AD44-AE01C25F2811}.Release (3.5)|Any CPU.Build.0 = Release 3.5|Any CPU
		{FD8101DD-C95D-42D6-AD44-AE01C25F2811}.Release (4.0)|Any CPU.ActiveCfg = Release|Any CPU
		{FD8101DD-C95D-42D6-AD44-AE01C25F2811}.Release (4.0)|Any CPU.Build.0 = Release|Any CPU
		{179F3045-8757-4F4B-9508-F48327BA11E3}.Debug|Any CPU.ActiveCfg = Debug|Any CPU
		{179F3045-8757-4F4B-9508-F48327BA11E3}.Debug|Any CPU.Build.0 = Debug|Any CPU
		{179F3045-8757-4F4B-9508-F48327BA11E3}.Release (3.5)|Any CPU.ActiveCfg = Release 3.5|Any CPU
		{179F3045-8757-4F4B-9508-F48327BA11E3}.Release (3.5)|Any CPU.Build.0 = Release 3.5|Any CPU
		{179F3045-8757-4F4B-9508-F48327BA11E3}.Release (4.0)|Any CPU.ActiveCfg = Release|Any CPU
		{179F3045-8757-4F4B-9508-F48327BA11E3}.Release (4.0)|Any CPU.Build.0 = Release|Any CPU
		{F454DBD6-2AB9-461D-9624-2249B921B6E6}.Debug|Any CPU.ActiveCfg = Debug|Any CPU
		{F454DBD6-2AB9-461D-9624-2249B921B6E6}.Debug|Any CPU.Build.0 = Debug|Any CPU
		{F454DBD6-2AB9-461D-9624-2249B921B6E6}.Release (3.5)|Any CPU.ActiveCfg = Release 3.5|Any CPU
		{F454DBD6-2AB9-461D-9624-2249B921B6E6}.Release (3.5)|Any CPU.Build.0 = Release 3.5|Any CPU
		{F454DBD6-2AB9-461D-9624-2249B921B6E6}.Release (4.0)|Any CPU.ActiveCfg = Release|Any CPU
		{F454DBD6-2AB9-461D-9624-2249B921B6E6}.Release (4.0)|Any CPU.Build.0 = Release|Any CPU
		{49679C95-28CE-4D35-8F38-3D67A511A3C1}.Debug|Any CPU.ActiveCfg = Debug|Any CPU
		{49679C95-28CE-4D35-8F38-3D67A511A3C1}.Debug|Any CPU.Build.0 = Debug|Any CPU
		{49679C95-28CE-4D35-8F38-3D67A511A3C1}.Release (3.5)|Any CPU.ActiveCfg = Release 3.5|Any CPU
		{49679C95-28CE-4D35-8F38-3D67A511A3C1}.Release (3.5)|Any CPU.Build.0 = Release 3.5|Any CPU
		{49679C95-28CE-4D35-8F38-3D67A511A3C1}.Release (4.0)|Any CPU.ActiveCfg = Release|Any CPU
		{49679C95-28CE-4D35-8F38-3D67A511A3C1}.Release (4.0)|Any CPU.Build.0 = Release|Any CPU
		{0AB27A20-925C-4556-9FA4-6E2C109E448E}.Debug|Any CPU.ActiveCfg = Debug|Any CPU
		{0AB27A20-925C-4556-9FA4-6E2C109E448E}.Debug|Any CPU.Build.0 = Debug|Any CPU
		{0AB27A20-925C-4556-9FA4-6E2C109E448E}.Release (3.5)|Any CPU.ActiveCfg = Release 3.5|Any CPU
		{0AB27A20-925C-4556-9FA4-6E2C109E448E}.Release (3.5)|Any CPU.Build.0 = Release 3.5|Any CPU
		{0AB27A20-925C-4556-9FA4-6E2C109E448E}.Release (4.0)|Any CPU.ActiveCfg = Release|Any CPU
		{0AB27A20-925C-4556-9FA4-6E2C109E448E}.Release (4.0)|Any CPU.Build.0 = Release|Any CPU
		{4959A83D-F78F-439E-80A5-41583ECEAAC6}.Debug|Any CPU.ActiveCfg = Debug|Any CPU
		{4959A83D-F78F-439E-80A5-41583ECEAAC6}.Debug|Any CPU.Build.0 = Debug|Any CPU
		{4959A83D-F78F-439E-80A5-41583ECEAAC6}.Release (3.5)|Any CPU.ActiveCfg = Release 3.5|Any CPU
		{4959A83D-F78F-439E-80A5-41583ECEAAC6}.Release (3.5)|Any CPU.Build.0 = Release 3.5|Any CPU
		{4959A83D-F78F-439E-80A5-41583ECEAAC6}.Release (4.0)|Any CPU.ActiveCfg = Release|Any CPU
		{4959A83D-F78F-439E-80A5-41583ECEAAC6}.Release (4.0)|Any CPU.Build.0 = Release|Any CPU
		{7AB4BBCC-6222-423D-9FF9-BA9CB7C09199}.Debug|Any CPU.ActiveCfg = Debug|Any CPU
		{7AB4BBCC-6222-423D-9FF9-BA9CB7C09199}.Debug|Any CPU.Build.0 = Debug|Any CPU
		{7AB4BBCC-6222-423D-9FF9-BA9CB7C09199}.Release (3.5)|Any CPU.ActiveCfg = Release 3.5|Any CPU
		{7AB4BBCC-6222-423D-9FF9-BA9CB7C09199}.Release (3.5)|Any CPU.Build.0 = Release 3.5|Any CPU
		{7AB4BBCC-6222-423D-9FF9-BA9CB7C09199}.Release (4.0)|Any CPU.ActiveCfg = Release|Any CPU
		{7AB4BBCC-6222-423D-9FF9-BA9CB7C09199}.Release (4.0)|Any CPU.Build.0 = Release|Any CPU
		{987E989A-E48B-428F-A392-0E7EEC9BCECD}.Debug|Any CPU.ActiveCfg = Debug|Any CPU
		{987E989A-E48B-428F-A392-0E7EEC9BCECD}.Debug|Any CPU.Build.0 = Debug|Any CPU
		{987E989A-E48B-428F-A392-0E7EEC9BCECD}.Release (3.5)|Any CPU.ActiveCfg = Release 3.5|Any CPU
		{987E989A-E48B-428F-A392-0E7EEC9BCECD}.Release (3.5)|Any CPU.Build.0 = Release 3.5|Any CPU
		{987E989A-E48B-428F-A392-0E7EEC9BCECD}.Release (4.0)|Any CPU.ActiveCfg = Release|Any CPU
		{987E989A-E48B-428F-A392-0E7EEC9BCECD}.Release (4.0)|Any CPU.Build.0 = Release|Any CPU
		{AB8B83D8-F7B4-4C21-AEB4-B0C5D2217DEF}.Debug|Any CPU.ActiveCfg = Debug|Any CPU
		{AB8B83D8-F7B4-4C21-AEB4-B0C5D2217DEF}.Debug|Any CPU.Build.0 = Debug|Any CPU
		{AB8B83D8-F7B4-4C21-AEB4-B0C5D2217DEF}.Release (3.5)|Any CPU.ActiveCfg = Release 3.5|Any CPU
		{AB8B83D8-F7B4-4C21-AEB4-B0C5D2217DEF}.Release (3.5)|Any CPU.Build.0 = Release 3.5|Any CPU
		{AB8B83D8-F7B4-4C21-AEB4-B0C5D2217DEF}.Release (4.0)|Any CPU.ActiveCfg = Release|Any CPU
		{AB8B83D8-F7B4-4C21-AEB4-B0C5D2217DEF}.Release (4.0)|Any CPU.Build.0 = Release|Any CPU
		{16A563A2-2D02-4B9E-B3F8-F36DD72F4477}.Debug|Any CPU.ActiveCfg = Debug|Any CPU
		{16A563A2-2D02-4B9E-B3F8-F36DD72F4477}.Debug|Any CPU.Build.0 = Debug|Any CPU
		{16A563A2-2D02-4B9E-B3F8-F36DD72F4477}.Release (3.5)|Any CPU.ActiveCfg = Release 3.5|Any CPU
		{16A563A2-2D02-4B9E-B3F8-F36DD72F4477}.Release (3.5)|Any CPU.Build.0 = Release 3.5|Any CPU
		{16A563A2-2D02-4B9E-B3F8-F36DD72F4477}.Release (4.0)|Any CPU.ActiveCfg = Release|Any CPU
		{16A563A2-2D02-4B9E-B3F8-F36DD72F4477}.Release (4.0)|Any CPU.Build.0 = Release|Any CPU
		{E1089999-EAED-4E55-AC47-B6A196DF84FC}.Debug|Any CPU.ActiveCfg = Debug|Any CPU
		{E1089999-EAED-4E55-AC47-B6A196DF84FC}.Debug|Any CPU.Build.0 = Debug|Any CPU
		{E1089999-EAED-4E55-AC47-B6A196DF84FC}.Release (3.5)|Any CPU.ActiveCfg = Release 3.5|Any CPU
		{E1089999-EAED-4E55-AC47-B6A196DF84FC}.Release (3.5)|Any CPU.Build.0 = Release 3.5|Any CPU
		{E1089999-EAED-4E55-AC47-B6A196DF84FC}.Release (4.0)|Any CPU.ActiveCfg = Release|Any CPU
		{E1089999-EAED-4E55-AC47-B6A196DF84FC}.Release (4.0)|Any CPU.Build.0 = Release|Any CPU
		{C70A159D-74A4-405F-9A7F-C17ACF451CCA}.Debug|Any CPU.ActiveCfg = Debug|Any CPU
		{C70A159D-74A4-405F-9A7F-C17ACF451CCA}.Debug|Any CPU.Build.0 = Debug|Any CPU
		{C70A159D-74A4-405F-9A7F-C17ACF451CCA}.Release (3.5)|Any CPU.ActiveCfg = Release 3.5|Any CPU
		{C70A159D-74A4-405F-9A7F-C17ACF451CCA}.Release (3.5)|Any CPU.Build.0 = Release 3.5|Any CPU
		{C70A159D-74A4-405F-9A7F-C17ACF451CCA}.Release (4.0)|Any CPU.ActiveCfg = Release|Any CPU
		{C70A159D-74A4-405F-9A7F-C17ACF451CCA}.Release (4.0)|Any CPU.Build.0 = Release|Any CPU
		{8046613E-799A-460C-985A-444C0327B49C}.Debug|Any CPU.ActiveCfg = Debug|Any CPU
		{8046613E-799A-460C-985A-444C0327B49C}.Debug|Any CPU.Build.0 = Debug|Any CPU
		{8046613E-799A-460C-985A-444C0327B49C}.Release (3.5)|Any CPU.ActiveCfg = Release 3.5|Any CPU
		{8046613E-799A-460C-985A-444C0327B49C}.Release (3.5)|Any CPU.Build.0 = Release 3.5|Any CPU
		{8046613E-799A-460C-985A-444C0327B49C}.Release (4.0)|Any CPU.ActiveCfg = Release|Any CPU
		{8046613E-799A-460C-985A-444C0327B49C}.Release (4.0)|Any CPU.Build.0 = Release|Any CPU
		{A177A90C-8207-466A-AF70-F2B8452A42AC}.Debug|Any CPU.ActiveCfg = Debug|Any CPU
		{A177A90C-8207-466A-AF70-F2B8452A42AC}.Debug|Any CPU.Build.0 = Debug|Any CPU
		{A177A90C-8207-466A-AF70-F2B8452A42AC}.Release (3.5)|Any CPU.ActiveCfg = Release 3.5|Any CPU
		{A177A90C-8207-466A-AF70-F2B8452A42AC}.Release (3.5)|Any CPU.Build.0 = Release 3.5|Any CPU
		{A177A90C-8207-466A-AF70-F2B8452A42AC}.Release (4.0)|Any CPU.ActiveCfg = Release|Any CPU
		{A177A90C-8207-466A-AF70-F2B8452A42AC}.Release (4.0)|Any CPU.Build.0 = Release|Any CPU
		{19385AE1-57CA-4082-AD33-62480D02C1D9}.Debug|Any CPU.ActiveCfg = Debug|Any CPU
		{19385AE1-57CA-4082-AD33-62480D02C1D9}.Debug|Any CPU.Build.0 = Debug|Any CPU
		{19385AE1-57CA-4082-AD33-62480D02C1D9}.Release (3.5)|Any CPU.ActiveCfg = Release 3.5|Any CPU
		{19385AE1-57CA-4082-AD33-62480D02C1D9}.Release (4.0)|Any CPU.ActiveCfg = Release|Any CPU
		{19385AE1-57CA-4082-AD33-62480D02C1D9}.Release (4.0)|Any CPU.Build.0 = Release|Any CPU
		{6158E759-FE2B-4308-BA29-11C9E4A07812}.Debug|Any CPU.ActiveCfg = Debug|Any CPU
		{6158E759-FE2B-4308-BA29-11C9E4A07812}.Debug|Any CPU.Build.0 = Debug|Any CPU
		{6158E759-FE2B-4308-BA29-11C9E4A07812}.Release (3.5)|Any CPU.ActiveCfg = Release 3.5|Any CPU
		{6158E759-FE2B-4308-BA29-11C9E4A07812}.Release (3.5)|Any CPU.Build.0 = Release 3.5|Any CPU
		{6158E759-FE2B-4308-BA29-11C9E4A07812}.Release (4.0)|Any CPU.ActiveCfg = Release|Any CPU
		{6158E759-FE2B-4308-BA29-11C9E4A07812}.Release (4.0)|Any CPU.Build.0 = Release|Any CPU
		{048ACC63-3B91-4E14-B5A3-38E7898426FE}.Debug|Any CPU.ActiveCfg = Debug|Any CPU
		{048ACC63-3B91-4E14-B5A3-38E7898426FE}.Release (3.5)|Any CPU.ActiveCfg = Release 3.5|Any CPU
		{048ACC63-3B91-4E14-B5A3-38E7898426FE}.Release (4.0)|Any CPU.ActiveCfg = Release|Any CPU
		{6DD1A48C-D7A8-4B39-9C06-5A71FEEC70B9}.Debug|Any CPU.ActiveCfg = Debug|Any CPU
		{6DD1A48C-D7A8-4B39-9C06-5A71FEEC70B9}.Debug|Any CPU.Build.0 = Debug|Any CPU
		{6DD1A48C-D7A8-4B39-9C06-5A71FEEC70B9}.Release (3.5)|Any CPU.ActiveCfg = Release 3.5|Any CPU
		{6DD1A48C-D7A8-4B39-9C06-5A71FEEC70B9}.Release (3.5)|Any CPU.Build.0 = Release 3.5|Any CPU
		{6DD1A48C-D7A8-4B39-9C06-5A71FEEC70B9}.Release (4.0)|Any CPU.ActiveCfg = Release|Any CPU
		{6DD1A48C-D7A8-4B39-9C06-5A71FEEC70B9}.Release (4.0)|Any CPU.Build.0 = Release|Any CPU
		{F00F5E2D-D181-4FCC-8F2E-FDCB90F4721B}.Debug|Any CPU.ActiveCfg = Debug|Any CPU
		{F00F5E2D-D181-4FCC-8F2E-FDCB90F4721B}.Release (3.5)|Any CPU.ActiveCfg = Debug|Any CPU
		{F00F5E2D-D181-4FCC-8F2E-FDCB90F4721B}.Release (4.0)|Any CPU.ActiveCfg = Debug|Any CPU
		{357A4733-F671-439C-9D40-85E3D6C6B23A}.Debug|Any CPU.ActiveCfg = Debug|Any CPU
		{357A4733-F671-439C-9D40-85E3D6C6B23A}.Debug|Any CPU.Build.0 = Debug|Any CPU
		{357A4733-F671-439C-9D40-85E3D6C6B23A}.Release (3.5)|Any CPU.ActiveCfg = Release 3.5|Any CPU
		{357A4733-F671-439C-9D40-85E3D6C6B23A}.Release (3.5)|Any CPU.Build.0 = Release 3.5|Any CPU
		{357A4733-F671-439C-9D40-85E3D6C6B23A}.Release (4.0)|Any CPU.ActiveCfg = Release|Any CPU
		{357A4733-F671-439C-9D40-85E3D6C6B23A}.Release (4.0)|Any CPU.Build.0 = Release|Any CPU
		{4ED2AB06-991F-44FF-AC01-53394B222AF7}.Debug|Any CPU.ActiveCfg = Debug|Any CPU
		{4ED2AB06-991F-44FF-AC01-53394B222AF7}.Debug|Any CPU.Build.0 = Debug|Any CPU
		{4ED2AB06-991F-44FF-AC01-53394B222AF7}.Release (3.5)|Any CPU.ActiveCfg = Release|Any CPU
		{4ED2AB06-991F-44FF-AC01-53394B222AF7}.Release (4.0)|Any CPU.ActiveCfg = Release|Any CPU
		{4ED2AB06-991F-44FF-AC01-53394B222AF7}.Release (4.0)|Any CPU.Build.0 = Release|Any CPU
	EndGlobalSection
	GlobalSection(SolutionProperties) = preSolution
		HideSolutionNode = FALSE
	EndGlobalSection
	GlobalSection(NestedProjects) = preSolution
		{F454DBD6-2AB9-461D-9624-2249B921B6E6} = {D059B679-8B38-44FE-BEC6-8DFF9271CE59}
		{49679C95-28CE-4D35-8F38-3D67A511A3C1} = {D059B679-8B38-44FE-BEC6-8DFF9271CE59}
		{987E989A-E48B-428F-A392-0E7EEC9BCECD} = {D059B679-8B38-44FE-BEC6-8DFF9271CE59}
		{AB8B83D8-F7B4-4C21-AEB4-B0C5D2217DEF} = {D059B679-8B38-44FE-BEC6-8DFF9271CE59}
		{16A563A2-2D02-4B9E-B3F8-F36DD72F4477} = {D059B679-8B38-44FE-BEC6-8DFF9271CE59}
		{8046613E-799A-460C-985A-444C0327B49C} = {D059B679-8B38-44FE-BEC6-8DFF9271CE59}
		{19385AE1-57CA-4082-AD33-62480D02C1D9} = {D059B679-8B38-44FE-BEC6-8DFF9271CE59}
		{357A4733-F671-439C-9D40-85E3D6C6B23A} = {D059B679-8B38-44FE-BEC6-8DFF9271CE59}
		{048ACC63-3B91-4E14-B5A3-38E7898426FE} = {3364C282-6629-4FC0-B7D3-E488576D7115}
		{4ED2AB06-991F-44FF-AC01-53394B222AF7} = {3364C282-6629-4FC0-B7D3-E488576D7115}
		{F00F5E2D-D181-4FCC-8F2E-FDCB90F4721B} = {98CCD2AC-1853-4413-A2C7-B7283715B0FE}
	EndGlobalSection
EndGlobal
