
Microsoft Visual Studio Solution File, Format Version 12.00
# Visual Studio 2013
VisualStudioVersion = 12.0.31101.0
MinimumVisualStudioVersion = 10.0.40219.1
Project("{2150E333-8FDC-42A3-9474-1A3956D46DE8}") = "Unit Tests", "Unit Tests", "{D059B679-8B38-44FE-BEC6-8DFF9271CE59}"
EndProject
Project("{2150E333-8FDC-42A3-9474-1A3956D46DE8}") = "Solution Items", "Solution Items", "{51B993EE-FE3F-44B0-8FA1-C0EEBF2670C8}"
	ProjectSection(SolutionItems) = preProject
		Accord.NET.ruleset = Accord.NET.ruleset
		Accord.NET.testrunconfig = Accord.NET.testrunconfig
		Accord.NET.vsmdi = Accord.NET.vsmdi
		Building.txt = Building.txt
		..\Contributors.txt = ..\Contributors.txt
		..\Copyright.txt = ..\Copyright.txt
		..\License.txt = ..\License.txt
		..\README.txt = ..\README.txt
		..\Release notes.txt = ..\Release notes.txt
	EndProjectSection
EndProject
Project("{FAE04EC0-301F-11D3-BF4B-00C04F79EFBC}") = "Accord.Controls.Audio", "Accord.Controls.Audio\Accord.Controls.Audio.csproj", "{E0B826AC-2A51-41EC-9F09-561CA14A82BB}"
EndProject
Project("{FAE04EC0-301F-11D3-BF4B-00C04F79EFBC}") = "Accord.Audio", "Accord.Audio\Accord.Audio.csproj", "{E7B65F08-82F1-438F-847A-2AAC2BEC9AC0}"
EndProject
Project("{FAE04EC0-301F-11D3-BF4B-00C04F79EFBC}") = "Accord.Audition", "Accord.Audition\Accord.Audition.csproj", "{CDBEFB1A-10BC-49EC-9833-D2CF6D4F6131}"
EndProject
Project("{FAE04EC0-301F-11D3-BF4B-00C04F79EFBC}") = "Accord.Math", "Accord.Math\Accord.Math.csproj", "{F718E9A8-DB62-4785-8C49-4333A60D256A}"
EndProject
Project("{FAE04EC0-301F-11D3-BF4B-00C04F79EFBC}") = "Accord.Statistics", "Accord.Statistics\Accord.Statistics.csproj", "{FD8101DD-C95D-42D6-AD44-AE01C25F2811}"
EndProject
Project("{FAE04EC0-301F-11D3-BF4B-00C04F79EFBC}") = "Accord.Neuro", "Accord.Neuro\Accord.Neuro.csproj", "{179F3045-8757-4F4B-9508-F48327BA11E3}"
EndProject
Project("{FAE04EC0-301F-11D3-BF4B-00C04F79EFBC}") = "Accord.Tests.Math", "..\Unit Tests\Accord.Tests.Math\Accord.Tests.Math.csproj", "{F454DBD6-2AB9-461D-9624-2249B921B6E6}"
EndProject
Project("{FAE04EC0-301F-11D3-BF4B-00C04F79EFBC}") = "Accord.Tests.Statistics", "..\Unit Tests\Accord.Tests.Statistics\Accord.Tests.Statistics.csproj", "{49679C95-28CE-4D35-8F38-3D67A511A3C1}"
EndProject
Project("{FAE04EC0-301F-11D3-BF4B-00C04F79EFBC}") = "Accord.Controls", "Accord.Controls.Statistics\Accord.Controls.csproj", "{0AB27A20-925C-4556-9FA4-6E2C109E448E}"
EndProject
Project("{FAE04EC0-301F-11D3-BF4B-00C04F79EFBC}") = "Accord.Imaging", "Accord.Imaging\Accord.Imaging.csproj", "{4959A83D-F78F-439E-80A5-41583ECEAAC6}"
EndProject
Project("{FAE04EC0-301F-11D3-BF4B-00C04F79EFBC}") = "Accord.MachineLearning", "Accord.MachineLearning\Accord.MachineLearning.csproj", "{7AB4BBCC-6222-423D-9FF9-BA9CB7C09199}"
EndProject
Project("{FAE04EC0-301F-11D3-BF4B-00C04F79EFBC}") = "Accord.Tests.MachineLearning", "..\Unit Tests\Accord.Tests.MachineLearning\Accord.Tests.MachineLearning.csproj", "{987E989A-E48B-428F-A392-0E7EEC9BCECD}"
EndProject
Project("{FAE04EC0-301F-11D3-BF4B-00C04F79EFBC}") = "Accord.Tests.Neuro", "..\Unit Tests\Accord.Tests.Neuro\Accord.Tests.Neuro.csproj", "{AB8B83D8-F7B4-4C21-AEB4-B0C5D2217DEF}"
EndProject
Project("{FAE04EC0-301F-11D3-BF4B-00C04F79EFBC}") = "Accord.Tests.Imaging", "..\Unit Tests\Accord.Tests.Imaging\Accord.Tests.Imaging.csproj", "{16A563A2-2D02-4B9E-B3F8-F36DD72F4477}"
EndProject
Project("{FAE04EC0-301F-11D3-BF4B-00C04F79EFBC}") = "Accord.Controls.Imaging", "Accord.Controls.Imaging\Accord.Controls.Imaging.csproj", "{E1089999-EAED-4E55-AC47-B6A196DF84FC}"
EndProject
Project("{FAE04EC0-301F-11D3-BF4B-00C04F79EFBC}") = "Accord.Vision", "Accord.Vision\Accord.Vision.csproj", "{C70A159D-74A4-405F-9A7F-C17ACF451CCA}"
EndProject
Project("{FAE04EC0-301F-11D3-BF4B-00C04F79EFBC}") = "Accord.Tests.Vision", "..\Unit Tests\Accord.Tests.Vision\Accord.Tests.Vision.csproj", "{8046613E-799A-460C-985A-444C0327B49C}"
EndProject
Project("{FAE04EC0-301F-11D3-BF4B-00C04F79EFBC}") = "Accord.Core", "Accord.Core\Accord.Core.csproj", "{A177A90C-8207-466A-AF70-F2B8452A42AC}"
EndProject
Project("{FAE04EC0-301F-11D3-BF4B-00C04F79EFBC}") = "Accord.Tests.Audio", "..\Unit Tests\Accord.Tests.Audio\Accord.Tests.Audio.csproj", "{19385AE1-57CA-4082-AD33-62480D02C1D9}"
EndProject
Project("{FAE04EC0-301F-11D3-BF4B-00C04F79EFBC}") = "Accord.Controls.Vision", "Accord.Controls.Vision\Accord.Controls.Vision.csproj", "{6158E759-FE2B-4308-BA29-11C9E4A07812}"
EndProject
Project("{2150E333-8FDC-42A3-9474-1A3956D46DE8}") = "Setup", "Setup", "{98CCD2AC-1853-4413-A2C7-B7283715B0FE}"
EndProject
Project("{FAE04EC0-301F-11D3-BF4B-00C04F79EFBC}") = "Accord.Setup", "..\Setup\Accord.Setup.csproj", "{F00F5E2D-D181-4FCC-8F2E-FDCB90F4721B}"
EndProject
Project("{8BC9CEB8-8B4A-11D0-8D11-00A0C91BC942}") = "Accord.Tests.Math.Cpp", "..\Unit Tests\Accord.Tests.Math.Cpp\Accord.Tests.Math.Cpp.vcxproj", "{161BD953-537D-4325-8A00-22475FC9088E}"
EndProject
Project("{FAE04EC0-301F-11D3-BF4B-00C04F79EFBC}") = "Accord.IO", "Accord.IO\Accord.IO.csproj", "{63184EBD-6B28-4066-AAEE-5B99431E31F4}"
EndProject
Project("{FAE04EC0-301F-11D3-BF4B-00C04F79EFBC}") = "Accord.Tests.IO", "..\Unit Tests\Accord.Tests.IO\Accord.Tests.IO.csproj", "{2562C6B4-088E-48AC-B408-15BC99AE6760}"
EndProject
Project("{F2A71F9B-5D33-465A-A702-920D77279786}") = "Accord.Tests.MachineLearning.FSharp", "..\Unit Tests\Accord.Tests.MachineLearning.FSharp\Accord.Tests.MachineLearning.FSharp.fsproj", "{A6775B59-6919-4D7C-A960-7E875F0BD81A}"
EndProject
Project("{FAE04EC0-301F-11D3-BF4B-00C04F79EFBC}") = "Accord.Tests.Core", "..\Unit Tests\Accord.Tests.Core\Accord.Tests.Core.csproj", "{3B1456C2-1591-4E8C-B71C-C0F25C8EA88E}"
EndProject
Project("{FAE04EC0-301F-11D3-BF4B-00C04F79EFBC}") = "Accord.Tests.Controls", "..\Unit Tests\Accord.Tests.Controls\Accord.Tests.Controls.csproj", "{C021C74F-C774-483B-8BEE-CB5021CFC6F3}"
EndProject
Project("{FAE04EC0-301F-11D3-BF4B-00C04F79EFBC}") = "Accord.Audio.DirectSound", "Accord.Audio.DirectSound\Accord.Audio.DirectSound.csproj", "{456DB2E8-745A-4F87-A2BD-C43CF8677770}"
EndProject
Project("{FAE04EC0-301F-11D3-BF4B-00C04F79EFBC}") = "Accord.Fuzzy", "Accord.Fuzzy\Accord.Fuzzy.csproj", "{B631038F-E12C-4D0D-8B25-FF7F62FE62D1}"
EndProject
Project("{FAE04EC0-301F-11D3-BF4B-00C04F79EFBC}") = "Accord.Genetic", "Accord.Genetic\Accord.Genetic.csproj", "{2EFAA327-1789-4438-B9F5-E83ACAE12DB2}"
EndProject
Project("{FAE04EC0-301F-11D3-BF4B-00C04F79EFBC}") = "Accord.Video.DirectShow", "Accord.Video.DirectShow\Accord.Video.DirectShow.csproj", "{26CD2CE7-FF63-4669-83B0-7D9C8F3408EE}"
EndProject
Project("{FAE04EC0-301F-11D3-BF4B-00C04F79EFBC}") = "Accord.Video", "Accord.Video\Accord.Video.csproj", "{809725DC-6502-4732-A51C-DEB7FEA12975}"
EndProject
Project("{FAE04EC0-301F-11D3-BF4B-00C04F79EFBC}") = "Accord.Video.Kinect", "Accord.Video.Kinect\Accord.Video.Kinect.csproj", "{9DA8E727-4038-4E6B-90BD-853730FDFA49}"
EndProject
Project("{FAE04EC0-301F-11D3-BF4B-00C04F79EFBC}") = "Accord.Video.VFW", "Accord.Video.VFW\Accord.Video.VFW.csproj", "{22E852C0-17FF-4106-9DF6-41EABB8C0613}"
EndProject
Project("{FAE04EC0-301F-11D3-BF4B-00C04F79EFBC}") = "Accord.Video.Ximea", "Accord.Video.Ximea\Accord.Video.Ximea.csproj", "{AEDD6CFB-747B-4077-9288-9CD2A86090F1}"
EndProject
Global
	GlobalSection(SolutionConfigurationPlatforms) = preSolution
		Debug|Any CPU = Debug|Any CPU
		NET35|Any CPU = NET35|Any CPU
		NET40|Any CPU = NET40|Any CPU
		NET45|Any CPU = NET45|Any CPU
	EndGlobalSection
	GlobalSection(ProjectConfigurationPlatforms) = postSolution
		{E0B826AC-2A51-41EC-9F09-561CA14A82BB}.Debug|Any CPU.ActiveCfg = Debug|Any CPU
		{E0B826AC-2A51-41EC-9F09-561CA14A82BB}.Debug|Any CPU.Build.0 = Debug|Any CPU
		{E0B826AC-2A51-41EC-9F09-561CA14A82BB}.NET35|Any CPU.ActiveCfg = NET35|Any CPU
		{E0B826AC-2A51-41EC-9F09-561CA14A82BB}.NET35|Any CPU.Build.0 = NET35|Any CPU
		{E0B826AC-2A51-41EC-9F09-561CA14A82BB}.NET40|Any CPU.ActiveCfg = NET40|Any CPU
		{E0B826AC-2A51-41EC-9F09-561CA14A82BB}.NET40|Any CPU.Build.0 = NET40|Any CPU
		{E0B826AC-2A51-41EC-9F09-561CA14A82BB}.NET45|Any CPU.ActiveCfg = NET45|Any CPU
		{E0B826AC-2A51-41EC-9F09-561CA14A82BB}.NET45|Any CPU.Build.0 = NET45|Any CPU
		{E7B65F08-82F1-438F-847A-2AAC2BEC9AC0}.Debug|Any CPU.ActiveCfg = Debug|Any CPU
		{E7B65F08-82F1-438F-847A-2AAC2BEC9AC0}.Debug|Any CPU.Build.0 = Debug|Any CPU
		{E7B65F08-82F1-438F-847A-2AAC2BEC9AC0}.NET35|Any CPU.ActiveCfg = NET35|Any CPU
		{E7B65F08-82F1-438F-847A-2AAC2BEC9AC0}.NET35|Any CPU.Build.0 = NET35|Any CPU
		{E7B65F08-82F1-438F-847A-2AAC2BEC9AC0}.NET40|Any CPU.ActiveCfg = NET40|Any CPU
		{E7B65F08-82F1-438F-847A-2AAC2BEC9AC0}.NET40|Any CPU.Build.0 = NET40|Any CPU
		{E7B65F08-82F1-438F-847A-2AAC2BEC9AC0}.NET45|Any CPU.ActiveCfg = NET45|Any CPU
		{E7B65F08-82F1-438F-847A-2AAC2BEC9AC0}.NET45|Any CPU.Build.0 = NET45|Any CPU
		{CDBEFB1A-10BC-49EC-9833-D2CF6D4F6131}.Debug|Any CPU.ActiveCfg = Debug|Any CPU
		{CDBEFB1A-10BC-49EC-9833-D2CF6D4F6131}.Debug|Any CPU.Build.0 = Debug|Any CPU
		{CDBEFB1A-10BC-49EC-9833-D2CF6D4F6131}.NET35|Any CPU.ActiveCfg = NET35|Any CPU
		{CDBEFB1A-10BC-49EC-9833-D2CF6D4F6131}.NET35|Any CPU.Build.0 = NET35|Any CPU
		{CDBEFB1A-10BC-49EC-9833-D2CF6D4F6131}.NET40|Any CPU.ActiveCfg = NET40|Any CPU
		{CDBEFB1A-10BC-49EC-9833-D2CF6D4F6131}.NET40|Any CPU.Build.0 = NET40|Any CPU
		{CDBEFB1A-10BC-49EC-9833-D2CF6D4F6131}.NET45|Any CPU.ActiveCfg = NET45|Any CPU
		{CDBEFB1A-10BC-49EC-9833-D2CF6D4F6131}.NET45|Any CPU.Build.0 = NET45|Any CPU
		{F718E9A8-DB62-4785-8C49-4333A60D256A}.Debug|Any CPU.ActiveCfg = Debug|Any CPU
		{F718E9A8-DB62-4785-8C49-4333A60D256A}.Debug|Any CPU.Build.0 = Debug|Any CPU
		{F718E9A8-DB62-4785-8C49-4333A60D256A}.NET35|Any CPU.ActiveCfg = NET35|Any CPU
		{F718E9A8-DB62-4785-8C49-4333A60D256A}.NET35|Any CPU.Build.0 = NET35|Any CPU
		{F718E9A8-DB62-4785-8C49-4333A60D256A}.NET40|Any CPU.ActiveCfg = NET40|Any CPU
		{F718E9A8-DB62-4785-8C49-4333A60D256A}.NET40|Any CPU.Build.0 = NET40|Any CPU
		{F718E9A8-DB62-4785-8C49-4333A60D256A}.NET45|Any CPU.ActiveCfg = NET45|Any CPU
		{F718E9A8-DB62-4785-8C49-4333A60D256A}.NET45|Any CPU.Build.0 = NET45|Any CPU
		{FD8101DD-C95D-42D6-AD44-AE01C25F2811}.Debug|Any CPU.ActiveCfg = Debug|Any CPU
		{FD8101DD-C95D-42D6-AD44-AE01C25F2811}.Debug|Any CPU.Build.0 = Debug|Any CPU
		{FD8101DD-C95D-42D6-AD44-AE01C25F2811}.NET35|Any CPU.ActiveCfg = NET35|Any CPU
		{FD8101DD-C95D-42D6-AD44-AE01C25F2811}.NET35|Any CPU.Build.0 = NET35|Any CPU
		{FD8101DD-C95D-42D6-AD44-AE01C25F2811}.NET40|Any CPU.ActiveCfg = NET40|Any CPU
		{FD8101DD-C95D-42D6-AD44-AE01C25F2811}.NET40|Any CPU.Build.0 = NET40|Any CPU
		{FD8101DD-C95D-42D6-AD44-AE01C25F2811}.NET45|Any CPU.ActiveCfg = NET45|Any CPU
		{FD8101DD-C95D-42D6-AD44-AE01C25F2811}.NET45|Any CPU.Build.0 = NET45|Any CPU
		{179F3045-8757-4F4B-9508-F48327BA11E3}.Debug|Any CPU.ActiveCfg = Debug|Any CPU
		{179F3045-8757-4F4B-9508-F48327BA11E3}.Debug|Any CPU.Build.0 = Debug|Any CPU
		{179F3045-8757-4F4B-9508-F48327BA11E3}.NET35|Any CPU.ActiveCfg = NET35|Any CPU
		{179F3045-8757-4F4B-9508-F48327BA11E3}.NET35|Any CPU.Build.0 = NET35|Any CPU
		{179F3045-8757-4F4B-9508-F48327BA11E3}.NET40|Any CPU.ActiveCfg = NET40|Any CPU
		{179F3045-8757-4F4B-9508-F48327BA11E3}.NET40|Any CPU.Build.0 = NET40|Any CPU
		{179F3045-8757-4F4B-9508-F48327BA11E3}.NET45|Any CPU.ActiveCfg = NET45|Any CPU
		{179F3045-8757-4F4B-9508-F48327BA11E3}.NET45|Any CPU.Build.0 = NET45|Any CPU
		{F454DBD6-2AB9-461D-9624-2249B921B6E6}.Debug|Any CPU.ActiveCfg = Debug|Any CPU
		{F454DBD6-2AB9-461D-9624-2249B921B6E6}.Debug|Any CPU.Build.0 = Debug|Any CPU
		{F454DBD6-2AB9-461D-9624-2249B921B6E6}.NET35|Any CPU.ActiveCfg = NET35|Any CPU
		{F454DBD6-2AB9-461D-9624-2249B921B6E6}.NET35|Any CPU.Build.0 = NET35|Any CPU
		{F454DBD6-2AB9-461D-9624-2249B921B6E6}.NET40|Any CPU.ActiveCfg = NET40|Any CPU
		{F454DBD6-2AB9-461D-9624-2249B921B6E6}.NET40|Any CPU.Build.0 = NET40|Any CPU
		{F454DBD6-2AB9-461D-9624-2249B921B6E6}.NET45|Any CPU.ActiveCfg = NET45|Any CPU
		{F454DBD6-2AB9-461D-9624-2249B921B6E6}.NET45|Any CPU.Build.0 = NET45|Any CPU
		{49679C95-28CE-4D35-8F38-3D67A511A3C1}.Debug|Any CPU.ActiveCfg = Debug|Any CPU
		{49679C95-28CE-4D35-8F38-3D67A511A3C1}.Debug|Any CPU.Build.0 = Debug|Any CPU
		{49679C95-28CE-4D35-8F38-3D67A511A3C1}.NET35|Any CPU.ActiveCfg = NET35|Any CPU
		{49679C95-28CE-4D35-8F38-3D67A511A3C1}.NET35|Any CPU.Build.0 = NET35|Any CPU
		{49679C95-28CE-4D35-8F38-3D67A511A3C1}.NET40|Any CPU.ActiveCfg = NET40|Any CPU
		{49679C95-28CE-4D35-8F38-3D67A511A3C1}.NET40|Any CPU.Build.0 = NET40|Any CPU
		{49679C95-28CE-4D35-8F38-3D67A511A3C1}.NET45|Any CPU.ActiveCfg = NET45|Any CPU
		{49679C95-28CE-4D35-8F38-3D67A511A3C1}.NET45|Any CPU.Build.0 = NET45|Any CPU
		{0AB27A20-925C-4556-9FA4-6E2C109E448E}.Debug|Any CPU.ActiveCfg = Debug|Any CPU
		{0AB27A20-925C-4556-9FA4-6E2C109E448E}.Debug|Any CPU.Build.0 = Debug|Any CPU
		{0AB27A20-925C-4556-9FA4-6E2C109E448E}.NET35|Any CPU.ActiveCfg = NET35|Any CPU
		{0AB27A20-925C-4556-9FA4-6E2C109E448E}.NET35|Any CPU.Build.0 = NET35|Any CPU
		{0AB27A20-925C-4556-9FA4-6E2C109E448E}.NET40|Any CPU.ActiveCfg = NET40|Any CPU
		{0AB27A20-925C-4556-9FA4-6E2C109E448E}.NET40|Any CPU.Build.0 = NET40|Any CPU
		{0AB27A20-925C-4556-9FA4-6E2C109E448E}.NET45|Any CPU.ActiveCfg = NET45|Any CPU
		{0AB27A20-925C-4556-9FA4-6E2C109E448E}.NET45|Any CPU.Build.0 = NET45|Any CPU
		{4959A83D-F78F-439E-80A5-41583ECEAAC6}.Debug|Any CPU.ActiveCfg = Debug|Any CPU
		{4959A83D-F78F-439E-80A5-41583ECEAAC6}.Debug|Any CPU.Build.0 = Debug|Any CPU
		{4959A83D-F78F-439E-80A5-41583ECEAAC6}.NET35|Any CPU.ActiveCfg = NET35|Any CPU
		{4959A83D-F78F-439E-80A5-41583ECEAAC6}.NET35|Any CPU.Build.0 = NET35|Any CPU
		{4959A83D-F78F-439E-80A5-41583ECEAAC6}.NET40|Any CPU.ActiveCfg = NET40|Any CPU
		{4959A83D-F78F-439E-80A5-41583ECEAAC6}.NET40|Any CPU.Build.0 = NET40|Any CPU
		{4959A83D-F78F-439E-80A5-41583ECEAAC6}.NET45|Any CPU.ActiveCfg = NET45|Any CPU
		{4959A83D-F78F-439E-80A5-41583ECEAAC6}.NET45|Any CPU.Build.0 = NET45|Any CPU
		{7AB4BBCC-6222-423D-9FF9-BA9CB7C09199}.Debug|Any CPU.ActiveCfg = Debug|Any CPU
		{7AB4BBCC-6222-423D-9FF9-BA9CB7C09199}.Debug|Any CPU.Build.0 = Debug|Any CPU
		{7AB4BBCC-6222-423D-9FF9-BA9CB7C09199}.NET35|Any CPU.ActiveCfg = NET35|Any CPU
		{7AB4BBCC-6222-423D-9FF9-BA9CB7C09199}.NET35|Any CPU.Build.0 = NET35|Any CPU
		{7AB4BBCC-6222-423D-9FF9-BA9CB7C09199}.NET40|Any CPU.ActiveCfg = NET40|Any CPU
		{7AB4BBCC-6222-423D-9FF9-BA9CB7C09199}.NET40|Any CPU.Build.0 = NET40|Any CPU
		{7AB4BBCC-6222-423D-9FF9-BA9CB7C09199}.NET45|Any CPU.ActiveCfg = NET45|Any CPU
		{7AB4BBCC-6222-423D-9FF9-BA9CB7C09199}.NET45|Any CPU.Build.0 = NET45|Any CPU
		{987E989A-E48B-428F-A392-0E7EEC9BCECD}.Debug|Any CPU.ActiveCfg = Debug|Any CPU
		{987E989A-E48B-428F-A392-0E7EEC9BCECD}.Debug|Any CPU.Build.0 = Debug|Any CPU
		{987E989A-E48B-428F-A392-0E7EEC9BCECD}.NET35|Any CPU.ActiveCfg = NET35|Any CPU
		{987E989A-E48B-428F-A392-0E7EEC9BCECD}.NET35|Any CPU.Build.0 = NET35|Any CPU
		{987E989A-E48B-428F-A392-0E7EEC9BCECD}.NET40|Any CPU.ActiveCfg = NET40|Any CPU
		{987E989A-E48B-428F-A392-0E7EEC9BCECD}.NET40|Any CPU.Build.0 = NET40|Any CPU
		{987E989A-E48B-428F-A392-0E7EEC9BCECD}.NET45|Any CPU.ActiveCfg = NET45|Any CPU
		{987E989A-E48B-428F-A392-0E7EEC9BCECD}.NET45|Any CPU.Build.0 = NET45|Any CPU
		{AB8B83D8-F7B4-4C21-AEB4-B0C5D2217DEF}.Debug|Any CPU.ActiveCfg = Debug|Any CPU
		{AB8B83D8-F7B4-4C21-AEB4-B0C5D2217DEF}.Debug|Any CPU.Build.0 = Debug|Any CPU
		{AB8B83D8-F7B4-4C21-AEB4-B0C5D2217DEF}.NET35|Any CPU.ActiveCfg = NET35|Any CPU
		{AB8B83D8-F7B4-4C21-AEB4-B0C5D2217DEF}.NET35|Any CPU.Build.0 = NET35|Any CPU
		{AB8B83D8-F7B4-4C21-AEB4-B0C5D2217DEF}.NET40|Any CPU.ActiveCfg = NET40|Any CPU
		{AB8B83D8-F7B4-4C21-AEB4-B0C5D2217DEF}.NET40|Any CPU.Build.0 = NET40|Any CPU
		{AB8B83D8-F7B4-4C21-AEB4-B0C5D2217DEF}.NET45|Any CPU.ActiveCfg = NET45|Any CPU
		{AB8B83D8-F7B4-4C21-AEB4-B0C5D2217DEF}.NET45|Any CPU.Build.0 = NET45|Any CPU
		{16A563A2-2D02-4B9E-B3F8-F36DD72F4477}.Debug|Any CPU.ActiveCfg = Debug|Any CPU
		{16A563A2-2D02-4B9E-B3F8-F36DD72F4477}.Debug|Any CPU.Build.0 = Debug|Any CPU
		{16A563A2-2D02-4B9E-B3F8-F36DD72F4477}.NET35|Any CPU.ActiveCfg = NET35|Any CPU
		{16A563A2-2D02-4B9E-B3F8-F36DD72F4477}.NET35|Any CPU.Build.0 = NET35|Any CPU
		{16A563A2-2D02-4B9E-B3F8-F36DD72F4477}.NET40|Any CPU.ActiveCfg = NET40|Any CPU
		{16A563A2-2D02-4B9E-B3F8-F36DD72F4477}.NET40|Any CPU.Build.0 = NET40|Any CPU
		{16A563A2-2D02-4B9E-B3F8-F36DD72F4477}.NET45|Any CPU.ActiveCfg = NET45|Any CPU
		{16A563A2-2D02-4B9E-B3F8-F36DD72F4477}.NET45|Any CPU.Build.0 = NET45|Any CPU
		{E1089999-EAED-4E55-AC47-B6A196DF84FC}.Debug|Any CPU.ActiveCfg = Debug|Any CPU
		{E1089999-EAED-4E55-AC47-B6A196DF84FC}.Debug|Any CPU.Build.0 = Debug|Any CPU
		{E1089999-EAED-4E55-AC47-B6A196DF84FC}.NET35|Any CPU.ActiveCfg = NET35|Any CPU
		{E1089999-EAED-4E55-AC47-B6A196DF84FC}.NET35|Any CPU.Build.0 = NET35|Any CPU
		{E1089999-EAED-4E55-AC47-B6A196DF84FC}.NET40|Any CPU.ActiveCfg = NET40|Any CPU
		{E1089999-EAED-4E55-AC47-B6A196DF84FC}.NET40|Any CPU.Build.0 = NET40|Any CPU
		{E1089999-EAED-4E55-AC47-B6A196DF84FC}.NET45|Any CPU.ActiveCfg = NET45|Any CPU
		{E1089999-EAED-4E55-AC47-B6A196DF84FC}.NET45|Any CPU.Build.0 = NET45|Any CPU
		{C70A159D-74A4-405F-9A7F-C17ACF451CCA}.Debug|Any CPU.ActiveCfg = Debug|Any CPU
		{C70A159D-74A4-405F-9A7F-C17ACF451CCA}.Debug|Any CPU.Build.0 = Debug|Any CPU
		{C70A159D-74A4-405F-9A7F-C17ACF451CCA}.NET35|Any CPU.ActiveCfg = NET35|Any CPU
		{C70A159D-74A4-405F-9A7F-C17ACF451CCA}.NET35|Any CPU.Build.0 = NET35|Any CPU
		{C70A159D-74A4-405F-9A7F-C17ACF451CCA}.NET40|Any CPU.ActiveCfg = NET40|Any CPU
		{C70A159D-74A4-405F-9A7F-C17ACF451CCA}.NET40|Any CPU.Build.0 = NET40|Any CPU
		{C70A159D-74A4-405F-9A7F-C17ACF451CCA}.NET45|Any CPU.ActiveCfg = NET45|Any CPU
		{C70A159D-74A4-405F-9A7F-C17ACF451CCA}.NET45|Any CPU.Build.0 = NET45|Any CPU
		{8046613E-799A-460C-985A-444C0327B49C}.Debug|Any CPU.ActiveCfg = Debug|Any CPU
		{8046613E-799A-460C-985A-444C0327B49C}.Debug|Any CPU.Build.0 = Debug|Any CPU
		{8046613E-799A-460C-985A-444C0327B49C}.NET35|Any CPU.ActiveCfg = NET35|Any CPU
		{8046613E-799A-460C-985A-444C0327B49C}.NET35|Any CPU.Build.0 = NET35|Any CPU
		{8046613E-799A-460C-985A-444C0327B49C}.NET40|Any CPU.ActiveCfg = NET40|Any CPU
		{8046613E-799A-460C-985A-444C0327B49C}.NET40|Any CPU.Build.0 = NET40|Any CPU
		{8046613E-799A-460C-985A-444C0327B49C}.NET45|Any CPU.ActiveCfg = NET45|Any CPU
		{8046613E-799A-460C-985A-444C0327B49C}.NET45|Any CPU.Build.0 = NET45|Any CPU
		{A177A90C-8207-466A-AF70-F2B8452A42AC}.Debug|Any CPU.ActiveCfg = Debug|Any CPU
		{A177A90C-8207-466A-AF70-F2B8452A42AC}.Debug|Any CPU.Build.0 = Debug|Any CPU
		{A177A90C-8207-466A-AF70-F2B8452A42AC}.NET35|Any CPU.ActiveCfg = NET35|Any CPU
		{A177A90C-8207-466A-AF70-F2B8452A42AC}.NET35|Any CPU.Build.0 = NET35|Any CPU
		{A177A90C-8207-466A-AF70-F2B8452A42AC}.NET40|Any CPU.ActiveCfg = NET40|Any CPU
		{A177A90C-8207-466A-AF70-F2B8452A42AC}.NET40|Any CPU.Build.0 = NET40|Any CPU
		{A177A90C-8207-466A-AF70-F2B8452A42AC}.NET45|Any CPU.ActiveCfg = NET45|Any CPU
		{A177A90C-8207-466A-AF70-F2B8452A42AC}.NET45|Any CPU.Build.0 = NET45|Any CPU
		{19385AE1-57CA-4082-AD33-62480D02C1D9}.Debug|Any CPU.ActiveCfg = Debug|Any CPU
		{19385AE1-57CA-4082-AD33-62480D02C1D9}.Debug|Any CPU.Build.0 = Debug|Any CPU
		{19385AE1-57CA-4082-AD33-62480D02C1D9}.NET35|Any CPU.ActiveCfg = NET35|Any CPU
		{19385AE1-57CA-4082-AD33-62480D02C1D9}.NET35|Any CPU.Build.0 = NET35|Any CPU
		{19385AE1-57CA-4082-AD33-62480D02C1D9}.NET40|Any CPU.ActiveCfg = NET40|Any CPU
		{19385AE1-57CA-4082-AD33-62480D02C1D9}.NET40|Any CPU.Build.0 = NET40|Any CPU
		{19385AE1-57CA-4082-AD33-62480D02C1D9}.NET45|Any CPU.ActiveCfg = NET45|Any CPU
		{19385AE1-57CA-4082-AD33-62480D02C1D9}.NET45|Any CPU.Build.0 = NET45|Any CPU
		{6158E759-FE2B-4308-BA29-11C9E4A07812}.Debug|Any CPU.ActiveCfg = Debug|Any CPU
		{6158E759-FE2B-4308-BA29-11C9E4A07812}.Debug|Any CPU.Build.0 = Debug|Any CPU
		{6158E759-FE2B-4308-BA29-11C9E4A07812}.NET35|Any CPU.ActiveCfg = NET35|Any CPU
		{6158E759-FE2B-4308-BA29-11C9E4A07812}.NET35|Any CPU.Build.0 = NET35|Any CPU
		{6158E759-FE2B-4308-BA29-11C9E4A07812}.NET40|Any CPU.ActiveCfg = NET40|Any CPU
		{6158E759-FE2B-4308-BA29-11C9E4A07812}.NET40|Any CPU.Build.0 = NET40|Any CPU
		{6158E759-FE2B-4308-BA29-11C9E4A07812}.NET45|Any CPU.ActiveCfg = NET45|Any CPU
		{6158E759-FE2B-4308-BA29-11C9E4A07812}.NET45|Any CPU.Build.0 = NET45|Any CPU
		{F00F5E2D-D181-4FCC-8F2E-FDCB90F4721B}.Debug|Any CPU.ActiveCfg = Debug|Any CPU
		{F00F5E2D-D181-4FCC-8F2E-FDCB90F4721B}.Debug|Any CPU.Build.0 = Debug|Any CPU
		{F00F5E2D-D181-4FCC-8F2E-FDCB90F4721B}.NET35|Any CPU.ActiveCfg = Debug|Any CPU
		{F00F5E2D-D181-4FCC-8F2E-FDCB90F4721B}.NET35|Any CPU.Build.0 = Debug|Any CPU
		{F00F5E2D-D181-4FCC-8F2E-FDCB90F4721B}.NET40|Any CPU.ActiveCfg = Debug|Any CPU
		{F00F5E2D-D181-4FCC-8F2E-FDCB90F4721B}.NET40|Any CPU.Build.0 = Debug|Any CPU
		{F00F5E2D-D181-4FCC-8F2E-FDCB90F4721B}.NET45|Any CPU.ActiveCfg = Debug|Any CPU
		{161BD953-537D-4325-8A00-22475FC9088E}.Debug|Any CPU.ActiveCfg = Debug|Win32
		{161BD953-537D-4325-8A00-22475FC9088E}.Debug|Any CPU.Build.0 = Debug|Win32
		{161BD953-537D-4325-8A00-22475FC9088E}.NET35|Any CPU.ActiveCfg = Debug|Win32
		{161BD953-537D-4325-8A00-22475FC9088E}.NET40|Any CPU.ActiveCfg = Debug|Win32
		{161BD953-537D-4325-8A00-22475FC9088E}.NET40|Any CPU.Build.0 = Debug|Win32
		{161BD953-537D-4325-8A00-22475FC9088E}.NET45|Any CPU.ActiveCfg = Debug|Win32
		{161BD953-537D-4325-8A00-22475FC9088E}.NET45|Any CPU.Build.0 = Debug|Win32
		{63184EBD-6B28-4066-AAEE-5B99431E31F4}.Debug|Any CPU.ActiveCfg = Debug|Any CPU
		{63184EBD-6B28-4066-AAEE-5B99431E31F4}.Debug|Any CPU.Build.0 = Debug|Any CPU
		{63184EBD-6B28-4066-AAEE-5B99431E31F4}.NET35|Any CPU.ActiveCfg = NET35|Any CPU
		{63184EBD-6B28-4066-AAEE-5B99431E31F4}.NET35|Any CPU.Build.0 = NET35|Any CPU
		{63184EBD-6B28-4066-AAEE-5B99431E31F4}.NET40|Any CPU.ActiveCfg = NET40|Any CPU
		{63184EBD-6B28-4066-AAEE-5B99431E31F4}.NET40|Any CPU.Build.0 = NET40|Any CPU
		{63184EBD-6B28-4066-AAEE-5B99431E31F4}.NET45|Any CPU.ActiveCfg = NET45|Any CPU
		{63184EBD-6B28-4066-AAEE-5B99431E31F4}.NET45|Any CPU.Build.0 = NET45|Any CPU
		{2562C6B4-088E-48AC-B408-15BC99AE6760}.Debug|Any CPU.ActiveCfg = Debug|Any CPU
		{2562C6B4-088E-48AC-B408-15BC99AE6760}.Debug|Any CPU.Build.0 = Debug|Any CPU
		{2562C6B4-088E-48AC-B408-15BC99AE6760}.NET35|Any CPU.ActiveCfg = NET35|Any CPU
		{2562C6B4-088E-48AC-B408-15BC99AE6760}.NET35|Any CPU.Build.0 = NET35|Any CPU
		{2562C6B4-088E-48AC-B408-15BC99AE6760}.NET40|Any CPU.ActiveCfg = NET40|Any CPU
		{2562C6B4-088E-48AC-B408-15BC99AE6760}.NET40|Any CPU.Build.0 = NET40|Any CPU
		{2562C6B4-088E-48AC-B408-15BC99AE6760}.NET45|Any CPU.ActiveCfg = NET45|Any CPU
		{2562C6B4-088E-48AC-B408-15BC99AE6760}.NET45|Any CPU.Build.0 = NET45|Any CPU
		{A6775B59-6919-4D7C-A960-7E875F0BD81A}.Debug|Any CPU.ActiveCfg = Debug|Any CPU
		{A6775B59-6919-4D7C-A960-7E875F0BD81A}.Debug|Any CPU.Build.0 = Debug|Any CPU
		{A6775B59-6919-4D7C-A960-7E875F0BD81A}.NET35|Any CPU.ActiveCfg = Debug|Any CPU
		{A6775B59-6919-4D7C-A960-7E875F0BD81A}.NET35|Any CPU.Build.0 = Debug|Any CPU
		{A6775B59-6919-4D7C-A960-7E875F0BD81A}.NET40|Any CPU.ActiveCfg = Debug|Any CPU
		{A6775B59-6919-4D7C-A960-7E875F0BD81A}.NET40|Any CPU.Build.0 = Debug|Any CPU
		{A6775B59-6919-4D7C-A960-7E875F0BD81A}.NET45|Any CPU.ActiveCfg = Debug|Any CPU
		{A6775B59-6919-4D7C-A960-7E875F0BD81A}.NET45|Any CPU.Build.0 = Debug|Any CPU
		{3B1456C2-1591-4E8C-B71C-C0F25C8EA88E}.Debug|Any CPU.ActiveCfg = Debug|Any CPU
		{3B1456C2-1591-4E8C-B71C-C0F25C8EA88E}.Debug|Any CPU.Build.0 = Debug|Any CPU
		{3B1456C2-1591-4E8C-B71C-C0F25C8EA88E}.NET35|Any CPU.ActiveCfg = NET35|Any CPU
		{3B1456C2-1591-4E8C-B71C-C0F25C8EA88E}.NET35|Any CPU.Build.0 = NET35|Any CPU
		{3B1456C2-1591-4E8C-B71C-C0F25C8EA88E}.NET40|Any CPU.ActiveCfg = NET40|Any CPU
		{3B1456C2-1591-4E8C-B71C-C0F25C8EA88E}.NET40|Any CPU.Build.0 = NET40|Any CPU
		{3B1456C2-1591-4E8C-B71C-C0F25C8EA88E}.NET45|Any CPU.ActiveCfg = NET45|Any CPU
		{3B1456C2-1591-4E8C-B71C-C0F25C8EA88E}.NET45|Any CPU.Build.0 = NET45|Any CPU
		{C021C74F-C774-483B-8BEE-CB5021CFC6F3}.Debug|Any CPU.ActiveCfg = Debug|Any CPU
		{C021C74F-C774-483B-8BEE-CB5021CFC6F3}.Debug|Any CPU.Build.0 = Debug|Any CPU
		{C021C74F-C774-483B-8BEE-CB5021CFC6F3}.NET35|Any CPU.ActiveCfg = NET35|Any CPU
		{C021C74F-C774-483B-8BEE-CB5021CFC6F3}.NET35|Any CPU.Build.0 = NET35|Any CPU
		{C021C74F-C774-483B-8BEE-CB5021CFC6F3}.NET40|Any CPU.ActiveCfg = NET40|Any CPU
		{C021C74F-C774-483B-8BEE-CB5021CFC6F3}.NET40|Any CPU.Build.0 = NET40|Any CPU
		{C021C74F-C774-483B-8BEE-CB5021CFC6F3}.NET45|Any CPU.ActiveCfg = NET45|Any CPU
		{C021C74F-C774-483B-8BEE-CB5021CFC6F3}.NET45|Any CPU.Build.0 = NET45|Any CPU
		{456DB2E8-745A-4F87-A2BD-C43CF8677770}.Debug|Any CPU.ActiveCfg = Debug|Any CPU
		{456DB2E8-745A-4F87-A2BD-C43CF8677770}.Debug|Any CPU.Build.0 = Debug|Any CPU
		{456DB2E8-745A-4F87-A2BD-C43CF8677770}.NET35|Any CPU.ActiveCfg = NET35|Any CPU
		{456DB2E8-745A-4F87-A2BD-C43CF8677770}.NET35|Any CPU.Build.0 = NET35|Any CPU
		{456DB2E8-745A-4F87-A2BD-C43CF8677770}.NET40|Any CPU.ActiveCfg = NET40|Any CPU
		{456DB2E8-745A-4F87-A2BD-C43CF8677770}.NET40|Any CPU.Build.0 = NET40|Any CPU
		{456DB2E8-745A-4F87-A2BD-C43CF8677770}.NET45|Any CPU.ActiveCfg = NET45|Any CPU
		{456DB2E8-745A-4F87-A2BD-C43CF8677770}.NET45|Any CPU.Build.0 = NET45|Any CPU
		{B631038F-E12C-4D0D-8B25-FF7F62FE62D1}.Debug|Any CPU.ActiveCfg = Debug|Any CPU
		{B631038F-E12C-4D0D-8B25-FF7F62FE62D1}.Debug|Any CPU.Build.0 = Debug|Any CPU
		{B631038F-E12C-4D0D-8B25-FF7F62FE62D1}.NET35|Any CPU.ActiveCfg = NET35|Any CPU
		{B631038F-E12C-4D0D-8B25-FF7F62FE62D1}.NET35|Any CPU.Build.0 = NET35|Any CPU
		{B631038F-E12C-4D0D-8B25-FF7F62FE62D1}.NET40|Any CPU.ActiveCfg = NET40|Any CPU
		{B631038F-E12C-4D0D-8B25-FF7F62FE62D1}.NET40|Any CPU.Build.0 = NET40|Any CPU
		{B631038F-E12C-4D0D-8B25-FF7F62FE62D1}.NET45|Any CPU.ActiveCfg = NET45|Any CPU
		{B631038F-E12C-4D0D-8B25-FF7F62FE62D1}.NET45|Any CPU.Build.0 = NET45|Any CPU
		{2EFAA327-1789-4438-B9F5-E83ACAE12DB2}.Debug|Any CPU.ActiveCfg = Debug|Any CPU
		{2EFAA327-1789-4438-B9F5-E83ACAE12DB2}.Debug|Any CPU.Build.0 = Debug|Any CPU
		{2EFAA327-1789-4438-B9F5-E83ACAE12DB2}.NET35|Any CPU.ActiveCfg = NET35|Any CPU
		{2EFAA327-1789-4438-B9F5-E83ACAE12DB2}.NET35|Any CPU.Build.0 = NET35|Any CPU
		{2EFAA327-1789-4438-B9F5-E83ACAE12DB2}.NET40|Any CPU.ActiveCfg = NET40|Any CPU
		{2EFAA327-1789-4438-B9F5-E83ACAE12DB2}.NET40|Any CPU.Build.0 = NET40|Any CPU
		{2EFAA327-1789-4438-B9F5-E83ACAE12DB2}.NET45|Any CPU.ActiveCfg = NET45|Any CPU
		{2EFAA327-1789-4438-B9F5-E83ACAE12DB2}.NET45|Any CPU.Build.0 = NET45|Any CPU
		{26CD2CE7-FF63-4669-83B0-7D9C8F3408EE}.Debug|Any CPU.ActiveCfg = Debug|Any CPU
		{26CD2CE7-FF63-4669-83B0-7D9C8F3408EE}.Debug|Any CPU.Build.0 = Debug|Any CPU
		{26CD2CE7-FF63-4669-83B0-7D9C8F3408EE}.NET35|Any CPU.ActiveCfg = NET35|Any CPU
		{26CD2CE7-FF63-4669-83B0-7D9C8F3408EE}.NET35|Any CPU.Build.0 = NET35|Any CPU
		{26CD2CE7-FF63-4669-83B0-7D9C8F3408EE}.NET40|Any CPU.ActiveCfg = NET40|Any CPU
		{26CD2CE7-FF63-4669-83B0-7D9C8F3408EE}.NET40|Any CPU.Build.0 = NET40|Any CPU
		{26CD2CE7-FF63-4669-83B0-7D9C8F3408EE}.NET45|Any CPU.ActiveCfg = NET45|Any CPU
		{26CD2CE7-FF63-4669-83B0-7D9C8F3408EE}.NET45|Any CPU.Build.0 = NET45|Any CPU
		{809725DC-6502-4732-A51C-DEB7FEA12975}.Debug|Any CPU.ActiveCfg = Debug|Any CPU
		{809725DC-6502-4732-A51C-DEB7FEA12975}.Debug|Any CPU.Build.0 = Debug|Any CPU
		{809725DC-6502-4732-A51C-DEB7FEA12975}.NET35|Any CPU.ActiveCfg = NET35|Any CPU
		{809725DC-6502-4732-A51C-DEB7FEA12975}.NET35|Any CPU.Build.0 = NET35|Any CPU
		{809725DC-6502-4732-A51C-DEB7FEA12975}.NET40|Any CPU.ActiveCfg = NET40|Any CPU
		{809725DC-6502-4732-A51C-DEB7FEA12975}.NET40|Any CPU.Build.0 = NET40|Any CPU
		{809725DC-6502-4732-A51C-DEB7FEA12975}.NET45|Any CPU.ActiveCfg = NET45|Any CPU
		{809725DC-6502-4732-A51C-DEB7FEA12975}.NET45|Any CPU.Build.0 = NET45|Any CPU
		{9DA8E727-4038-4E6B-90BD-853730FDFA49}.Debug|Any CPU.ActiveCfg = Debug|Any CPU
		{9DA8E727-4038-4E6B-90BD-853730FDFA49}.Debug|Any CPU.Build.0 = Debug|Any CPU
		{9DA8E727-4038-4E6B-90BD-853730FDFA49}.NET35|Any CPU.ActiveCfg = NET35|Any CPU
		{9DA8E727-4038-4E6B-90BD-853730FDFA49}.NET35|Any CPU.Build.0 = NET35|Any CPU
		{9DA8E727-4038-4E6B-90BD-853730FDFA49}.NET40|Any CPU.ActiveCfg = NET40|Any CPU
		{9DA8E727-4038-4E6B-90BD-853730FDFA49}.NET40|Any CPU.Build.0 = NET40|Any CPU
		{9DA8E727-4038-4E6B-90BD-853730FDFA49}.NET45|Any CPU.ActiveCfg = NET45|Any CPU
		{9DA8E727-4038-4E6B-90BD-853730FDFA49}.NET45|Any CPU.Build.0 = NET45|Any CPU
		{22E852C0-17FF-4106-9DF6-41EABB8C0613}.Debug|Any CPU.ActiveCfg = Debug|Any CPU
		{22E852C0-17FF-4106-9DF6-41EABB8C0613}.Debug|Any CPU.Build.0 = Debug|Any CPU
		{22E852C0-17FF-4106-9DF6-41EABB8C0613}.NET35|Any CPU.ActiveCfg = NET35|Any CPU
		{22E852C0-17FF-4106-9DF6-41EABB8C0613}.NET35|Any CPU.Build.0 = NET35|Any CPU
		{22E852C0-17FF-4106-9DF6-41EABB8C0613}.NET40|Any CPU.ActiveCfg = NET40|Any CPU
		{22E852C0-17FF-4106-9DF6-41EABB8C0613}.NET40|Any CPU.Build.0 = NET40|Any CPU
		{22E852C0-17FF-4106-9DF6-41EABB8C0613}.NET45|Any CPU.ActiveCfg = NET45|Any CPU
		{22E852C0-17FF-4106-9DF6-41EABB8C0613}.NET45|Any CPU.Build.0 = NET45|Any CPU
		{AEDD6CFB-747B-4077-9288-9CD2A86090F1}.Debug|Any CPU.ActiveCfg = Debug|Any CPU
		{AEDD6CFB-747B-4077-9288-9CD2A86090F1}.Debug|Any CPU.Build.0 = Debug|Any CPU
		{AEDD6CFB-747B-4077-9288-9CD2A86090F1}.NET35|Any CPU.ActiveCfg = NET35|Any CPU
		{AEDD6CFB-747B-4077-9288-9CD2A86090F1}.NET35|Any CPU.Build.0 = NET35|Any CPU
		{AEDD6CFB-747B-4077-9288-9CD2A86090F1}.NET40|Any CPU.ActiveCfg = NET40|Any CPU
		{AEDD6CFB-747B-4077-9288-9CD2A86090F1}.NET40|Any CPU.Build.0 = NET40|Any CPU
		{AEDD6CFB-747B-4077-9288-9CD2A86090F1}.NET45|Any CPU.ActiveCfg = NET45|Any CPU
		{AEDD6CFB-747B-4077-9288-9CD2A86090F1}.NET45|Any CPU.Build.0 = NET45|Any CPU
	EndGlobalSection
	GlobalSection(SolutionProperties) = preSolution
		HideSolutionNode = FALSE
	EndGlobalSection
	GlobalSection(NestedProjects) = preSolution
		{F454DBD6-2AB9-461D-9624-2249B921B6E6} = {D059B679-8B38-44FE-BEC6-8DFF9271CE59}
		{49679C95-28CE-4D35-8F38-3D67A511A3C1} = {D059B679-8B38-44FE-BEC6-8DFF9271CE59}
		{987E989A-E48B-428F-A392-0E7EEC9BCECD} = {D059B679-8B38-44FE-BEC6-8DFF9271CE59}
		{AB8B83D8-F7B4-4C21-AEB4-B0C5D2217DEF} = {D059B679-8B38-44FE-BEC6-8DFF9271CE59}
		{16A563A2-2D02-4B9E-B3F8-F36DD72F4477} = {D059B679-8B38-44FE-BEC6-8DFF9271CE59}
		{8046613E-799A-460C-985A-444C0327B49C} = {D059B679-8B38-44FE-BEC6-8DFF9271CE59}
		{19385AE1-57CA-4082-AD33-62480D02C1D9} = {D059B679-8B38-44FE-BEC6-8DFF9271CE59}
		{F00F5E2D-D181-4FCC-8F2E-FDCB90F4721B} = {98CCD2AC-1853-4413-A2C7-B7283715B0FE}
		{161BD953-537D-4325-8A00-22475FC9088E} = {D059B679-8B38-44FE-BEC6-8DFF9271CE59}
		{2562C6B4-088E-48AC-B408-15BC99AE6760} = {D059B679-8B38-44FE-BEC6-8DFF9271CE59}
		{A6775B59-6919-4D7C-A960-7E875F0BD81A} = {D059B679-8B38-44FE-BEC6-8DFF9271CE59}
		{3B1456C2-1591-4E8C-B71C-C0F25C8EA88E} = {D059B679-8B38-44FE-BEC6-8DFF9271CE59}
		{C021C74F-C774-483B-8BEE-CB5021CFC6F3} = {D059B679-8B38-44FE-BEC6-8DFF9271CE59}
	EndGlobalSection
	GlobalSection(TestCaseManagementSettings) = postSolution
		CategoryFile = Accord.NET.vsmdi
	EndGlobalSection
EndGlobal
