
Microsoft Visual Studio Solution File, Format Version 12.00
# Visual Studio 2017
Project("{FAE04EC0-301F-11D3-BF4B-00C04F79EFBC}") = "Unity Sample Application", "Unity Sample Application.csproj", "{F8776A73-F24A-AC5D-7B04-B5DCB641D1FC}"
EndProject
Global
	GlobalSection(SolutionConfigurationPlatforms) = preSolution
		Debug|Any CPU = Debug|Any CPU
		Release|Any CPU = Release|Any CPU
	EndGlobalSection
	GlobalSection(ProjectConfigurationPlatforms) = postSolution
		{F8776A73-F24A-AC5D-7B04-B5DCB641D1FC}.Debug|Any CPU.ActiveCfg = Debug|Any CPU
		{F8776A73-F24A-AC5D-7B04-B5DCB641D1FC}.Debug|Any CPU.Build.0 = Debug|Any CPU
		{F8776A73-F24A-AC5D-7B04-B5DCB641D1FC}.Release|Any CPU.ActiveCfg = Release|Any CPU
		{F8776A73-F24A-AC5D-7B04-B5DCB641D1FC}.Release|Any CPU.Build.0 = Release|Any CPU
	EndGlobalSection
	GlobalSection(SolutionProperties) = preSolution
		HideSolutionNode = FALSE
	EndGlobalSection
EndGlobal
