
Microsoft Visual Studio Solution File, Format Version 11.00
# Visual C# Express 2010
Project("{FAE04EC0-301F-11D3-BF4B-00C04F79EFBC}") = "FuzzyAGV", "FuzzyAGV.csproj", "{BCC446EF-0F10-4FBB-AB37-9A9E0B1CDBAB}"
EndProject
Global
	GlobalSection(SolutionConfigurationPlatforms) = preSolution
		Debug|Any CPU = Debug|Any CPU
		Release|Any CPU = Release|Any CPU
	EndGlobalSection
	GlobalSection(ProjectConfigurationPlatforms) = postSolution
		{BCC446EF-0F10-4FBB-AB37-9A9E0B1CDBAB}.Debug|Any CPU.ActiveCfg = Debug|Any CPU
		{BCC446EF-0F10-4FBB-AB37-9A9E0B1CDBAB}.Debug|Any CPU.Build.0 = Debug|Any CPU
		{BCC446EF-0F10-4FBB-AB37-9A9E0B1CDBAB}.Release|Any CPU.ActiveCfg = Release|Any CPU
		{BCC446EF-0F10-4FBB-AB37-9A9E0B1CDBAB}.Release|Any CPU.Build.0 = Release|Any CPU
	EndGlobalSection
	GlobalSection(SolutionProperties) = preSolution
		HideSolutionNode = FALSE
	EndGlobalSection
EndGlobal
