
Microsoft Visual Studio Solution File, Format Version 11.00
# Visual C# Express 2010
Project("{FAE04EC0-301F-11D3-BF4B-00C04F79EFBC}") = "Fuzzy", "Fuzzy.csproj", "{B631038F-E12C-4D0D-8B25-FF7F62FE62D1}"
EndProject
Global
	GlobalSection(SolutionConfigurationPlatforms) = preSolution
		Debug|Any CPU = Debug|Any CPU
		Release|Any CPU = Release|Any CPU
	EndGlobalSection
	GlobalSection(ProjectConfigurationPlatforms) = postSolution
		{B631038F-E12C-4D0D-8B25-FF7F62FE62D1}.Debug|Any CPU.ActiveCfg = Debug|Any CPU
		{B631038F-E12C-4D0D-8B25-FF7F62FE62D1}.Debug|Any CPU.Build.0 = Debug|Any CPU
		{B631038F-E12C-4D0D-8B25-FF7F62FE62D1}.Release|Any CPU.ActiveCfg = Release|Any CPU
		{B631038F-E12C-4D0D-8B25-FF7F62FE62D1}.Release|Any CPU.Build.0 = Release|Any CPU
	EndGlobalSection
	GlobalSection(SolutionProperties) = preSolution
		HideSolutionNode = FALSE
	EndGlobalSection
EndGlobal
