
Microsoft Visual Studio Solution File, Format Version 10.00
# Visual Studio 2008
Project("{FAE04EC0-301F-11D3-BF4B-00C04F79EFBC}") = "Fuzzy (mono)", "Fuzzy (mono).csproj", "{EE9833F9-57C7-41CD-8DAA-CC66F36813C7}"
EndProject
Global
	GlobalSection(SolutionConfigurationPlatforms) = preSolution
		Debug|Any CPU = Debug|Any CPU
		Release|Any CPU = Release|Any CPU
	EndGlobalSection
	GlobalSection(ProjectConfigurationPlatforms) = postSolution
		{EE9833F9-57C7-41CD-8DAA-CC66F36813C7}.Debug|Any CPU.ActiveCfg = Debug|Any CPU
		{EE9833F9-57C7-41CD-8DAA-CC66F36813C7}.Debug|Any CPU.Build.0 = Debug|Any CPU
		{EE9833F9-57C7-41CD-8DAA-CC66F36813C7}.Release|Any CPU.ActiveCfg = Release|Any CPU
		{EE9833F9-57C7-41CD-8DAA-CC66F36813C7}.Release|Any CPU.Build.0 = Release|Any CPU
	EndGlobalSection
	GlobalSection(MonoDevelopProperties) = preSolution
		StartupItem = Fuzzy (mono).csproj
	EndGlobalSection
EndGlobal
