
Microsoft Visual Studio Solution File, Format Version 11.00
# Visual C# Express 2010
Project("{FAE04EC0-301F-11D3-BF4B-00C04F79EFBC}") = "IPPrototyper Sample", "IPPrototyper Sample.csproj", "{512869E9-7550-421E-B1A3-67B4A643E24A}"
EndProject
Global
	GlobalSection(SolutionConfigurationPlatforms) = preSolution
		Debug|Any CPU = Debug|Any CPU
		Release|Any CPU = Release|Any CPU
	EndGlobalSection
	GlobalSection(ProjectConfigurationPlatforms) = postSolution
		{512869E9-7550-421E-B1A3-67B4A643E24A}.Debug|Any CPU.ActiveCfg = Debug|Any CPU
		{512869E9-7550-421E-B1A3-67B4A643E24A}.Debug|Any CPU.Build.0 = Debug|Any CPU
		{512869E9-7550-421E-B1A3-67B4A643E24A}.Release|Any CPU.ActiveCfg = Release|Any CPU
		{512869E9-7550-421E-B1A3-67B4A643E24A}.Release|Any CPU.Build.0 = Release|Any CPU
	EndGlobalSection
	GlobalSection(SolutionProperties) = preSolution
		HideSolutionNode = FALSE
	EndGlobalSection
EndGlobal
