
Microsoft Visual Studio Solution File, Format Version 12.00
# Visual Studio 2013
VisualStudioVersion = 12.0.40629.0
MinimumVisualStudioVersion = 10.0.40219.1
Project("{FAE04EC0-301F-11D3-BF4B-00C04F79EFBC}") = "CurrentVersion", "CurrentVersion\CurrentVersion.csproj", "{7921C2EA-3634-4C33-BB10-B4F960EEDD97}"
	ProjectSection(ProjectDependencies) = postProject
		{1390F440-FFFA-45F3-A920-07FD4EEC8785} = {1390F440-FFFA-45F3-A920-07FD4EEC8785}
	EndProjectSection
EndProject
Project("{FAE04EC0-301F-11D3-BF4B-00C04F79EFBC}") = "PreviousVersion", "PreviousVersion\PreviousVersion.csproj", "{18B60F92-5DB1-495A-947D-80F60F6B0661}"
EndProject
Project("{FAE04EC0-301F-11D3-BF4B-00C04F79EFBC}") = "Shared", "Shared\Shared.csproj", "{1390F440-FFFA-45F3-A920-07FD4EEC8785}"
EndProject
Global
	GlobalSection(SolutionConfigurationPlatforms) = preSolution
		Debug|Any CPU = Debug|Any CPU
		Release|Any CPU = Release|Any CPU
	EndGlobalSection
	GlobalSection(ProjectConfigurationPlatforms) = postSolution
		{7921C2EA-3634-4C33-BB10-B4F960EEDD97}.Debug|Any CPU.ActiveCfg = Debug|Any CPU
		{7921C2EA-3634-4C33-BB10-B4F960EEDD97}.Debug|Any CPU.Build.0 = Debug|Any CPU
		{7921C2EA-3634-4C33-BB10-B4F960EEDD97}.Release|Any CPU.ActiveCfg = Release|Any CPU
		{7921C2EA-3634-4C33-BB10-B4F960EEDD97}.Release|Any CPU.Build.0 = Release|Any CPU
		{18B60F92-5DB1-495A-947D-80F60F6B0661}.Debug|Any CPU.ActiveCfg = Debug|Any CPU
		{18B60F92-5DB1-495A-947D-80F60F6B0661}.Debug|Any CPU.Build.0 = Debug|Any CPU
		{18B60F92-5DB1-495A-947D-80F60F6B0661}.Release|Any CPU.ActiveCfg = Release|Any CPU
		{18B60F92-5DB1-495A-947D-80F60F6B0661}.Release|Any CPU.Build.0 = Release|Any CPU
		{1390F440-FFFA-45F3-A920-07FD4EEC8785}.Debug|Any CPU.ActiveCfg = Debug|Any CPU
		{1390F440-FFFA-45F3-A920-07FD4EEC8785}.Debug|Any CPU.Build.0 = Debug|Any CPU
		{1390F440-FFFA-45F3-A920-07FD4EEC8785}.Release|Any CPU.ActiveCfg = Release|Any CPU
		{1390F440-FFFA-45F3-A920-07FD4EEC8785}.Release|Any CPU.Build.0 = Release|Any CPU
	EndGlobalSection
	GlobalSection(SolutionProperties) = preSolution
		HideSolutionNode = FALSE
	EndGlobalSection
EndGlobal
