
Microsoft Visual Studio Solution File, Format Version 11.00
# Visual C# Express 2010
Project("{FAE04EC0-301F-11D3-BF4B-00C04F79EFBC}") = "Snapshot Maker", "Snapshot Maker.csproj", "{779A59F0-BF3B-4AE5-B323-97D37CD67233}"
EndProject
Global
	GlobalSection(SolutionConfigurationPlatforms) = preSolution
		Debug|Any CPU = Debug|Any CPU
		Release|Any CPU = Release|Any CPU
	EndGlobalSection
	GlobalSection(ProjectConfigurationPlatforms) = postSolution
		{779A59F0-BF3B-4AE5-B323-97D37CD67233}.Debug|Any CPU.ActiveCfg = Debug|Any CPU
		{779A59F0-BF3B-4AE5-B323-97D37CD67233}.Debug|Any CPU.Build.0 = Debug|Any CPU
		{779A59F0-BF3B-4AE5-B323-97D37CD67233}.Release|Any CPU.ActiveCfg = Release|Any CPU
		{779A59F0-BF3B-4AE5-B323-97D37CD67233}.Release|Any CPU.Build.0 = Release|Any CPU
	EndGlobalSection
	GlobalSection(SolutionProperties) = preSolution
		HideSolutionNode = FALSE
	EndGlobalSection
EndGlobal
