<?xml version="1.0" encoding="utf-8"?>
<Project ToolsVersion="4.0" xmlns="http://schemas.microsoft.com/developer/msbuild/2003">
  <ItemGroup>
    <Filter Include="Source Files">
      <UniqueIdentifier>{4FC737F1-C7A5-4376-A066-2A32D752A2FF}</UniqueIdentifier>
      <Extensions>cpp;c;cc;cxx;def;odl;idl;hpj;bat;asm;asmx</Extensions>
    </Filter>
    <Filter Include="Header Files">
      <UniqueIdentifier>{93995380-89BD-4b04-88EB-625FBE52EBFB}</UniqueIdentifier>
      <Extensions>h;hpp;hxx;hm;inl;inc;xsd</Extensions>
    </Filter>
  </ItemGroup>
  <ItemGroup>
    <ClInclude Include="LibLBFGS\arithmetic_ansi.h">
      <Filter>Header Files</Filter>
    </ClInclude>
    <ClInclude Include="LibLBFGS\lbfgs.h">
      <Filter>Header Files</Filter>
    </ClInclude>
    <ClInclude Include="Lbfgsb3\f2c.h">
      <Filter>Header Files</Filter>
    </ClInclude>
    <ClInclude Include="Libbfgs.h">
      <Filter>Header Files</Filter>
    </ClInclude>
    <ClInclude Include="Lbfgsb3\lbfgsb.h">
      <Filter>Header Files</Filter>
    </ClInclude>
    <ClInclude Include="Quadpack.h">
      <Filter>Header Files</Filter>
    </ClInclude>
    <ClInclude Include="quadpack\qagi.h">
      <Filter>Header Files</Filter>
    </ClInclude>
    <ClInclude Include="Quadprog.h">
      <Filter>Header Files</Filter>
    </ClInclude>
    <ClInclude Include="bhtsne\sptree.h">
      <Filter>Header Files</Filter>
    </ClInclude>
    <ClInclude Include="bhtsne\vptree.h">
      <Filter>Header Files</Filter>
    </ClInclude>
    <ClInclude Include="VPTreeWrapper.h">
      <Filter>Header Files</Filter>
    </ClInclude>
    <ClInclude Include="TSNEWrapper.h">
      <Filter>Header Files</Filter>
    </ClInclude>
  </ItemGroup>
  <ItemGroup>
    <ClCompile Include="LibLBFGS\lbfgs.cpp">
      <Filter>Source Files</Filter>
    </ClCompile>
    <ClCompile Include="Lbfgsb3\blas.cpp">
      <Filter>Source Files</Filter>
    </ClCompile>
    <ClCompile Include="Lbfgsb3\lbfgsb.cpp">
      <Filter>Source Files</Filter>
    </ClCompile>
    <ClCompile Include="Lbfgsb3\linpack.cpp">
      <Filter>Source Files</Filter>
    </ClCompile>
    <ClCompile Include="Lbfgsb3\timer.cpp">
      <Filter>Source Files</Filter>
    </ClCompile>
    <ClCompile Include="Libbfgs.cpp">
      <Filter>Source Files</Filter>
    </ClCompile>
    <ClCompile Include="Lbfgsb3\s_cmp.cpp">
      <Filter>Source Files</Filter>
    </ClCompile>
    <ClCompile Include="Lbfgsb3\s_stop.cpp">
      <Filter>Source Files</Filter>
    </ClCompile>
    <ClCompile Include="Lbfgsb3\s_copy.cpp">
      <Filter>Source Files</Filter>
    </ClCompile>
    <ClCompile Include="Quadpack.cpp">
      <Filter>Source Files</Filter>
    </ClCompile>
    <ClCompile Include="quadpack\qagi.cpp">
      <Filter>Source Files</Filter>
    </ClCompile>
    <ClCompile Include="quadpack\r1mach.cpp">
      <Filter>Source Files</Filter>
    </ClCompile>
    <ClCompile Include="quadprog\achck.cpp">
      <Filter>Source Files</Filter>
    </ClCompile>
    <ClCompile Include="quadprog\aind.cpp">
      <Filter>Source Files</Filter>
    </ClCompile>
    <ClCompile Include="quadprog\solve.QP.cpp">
      <Filter>Source Files</Filter>
    </ClCompile>
    <ClCompile Include="quadprog\util.cpp">
      <Filter>Source Files</Filter>
    </ClCompile>
    <ClCompile Include="Quadprog.cpp">
      <Filter>Source Files</Filter>
    </ClCompile>
    <ClCompile Include="bhtsne\sptree.cpp">
      <Filter>Source Files</Filter>
    </ClCompile>
    <ClCompile Include="bhtsne\tsne.cpp">
      <Filter>Source Files</Filter>
    </ClCompile>
    <ClCompile Include="VPTreeWrapper.cpp">
      <Filter>Source Files</Filter>
    </ClCompile>
    <ClCompile Include="bhtsne\vptree.cpp">
      <Filter>Source Files</Filter>
    </ClCompile>
    <ClCompile Include="TSNEWrapper.cpp">
      <Filter>Source Files</Filter>
    </ClCompile>
    <ClCompile Include="compat.cpp">
      <Filter>Source Files</Filter>
    </ClCompile>
  </ItemGroup>
  <ItemGroup>
    <None Include="Lbfgsb3\License.txt" />
    <None Include="Accord.snk" />
  </ItemGroup>
  <ItemGroup>
    <Library Include="lib\libf2c.lib" />
  </ItemGroup>
</Project>