
Microsoft Visual Studio Solution File, Format Version 10.00
# Visual Studio 2008
Project("{FAE04EC0-301F-11D3-BF4B-00C04F79EFBC}") = "Imaging (mono)", "Imaging (mono).csproj", "{0E6DFEB9-E4C4-46DB-BB5F-424F7275D114}"
EndProject
Global
	GlobalSection(SolutionConfigurationPlatforms) = preSolution
		Debug|Any CPU = Debug|Any CPU
		Release|Any CPU = Release|Any CPU
	EndGlobalSection
	GlobalSection(ProjectConfigurationPlatforms) = postSolution
		{0E6DFEB9-E4C4-46DB-BB5F-424F7275D114}.Debug|Any CPU.ActiveCfg = Debug|Any CPU
		{0E6DFEB9-E4C4-46DB-BB5F-424F7275D114}.Debug|Any CPU.Build.0 = Debug|Any CPU
		{0E6DFEB9-E4C4-46DB-BB5F-424F7275D114}.Release|Any CPU.ActiveCfg = Release|Any CPU
		{0E6DFEB9-E4C4-46DB-BB5F-424F7275D114}.Release|Any CPU.Build.0 = Release|Any CPU
	EndGlobalSection
	GlobalSection(MonoDevelopProperties) = preSolution
		StartupItem = Imaging (mono).csproj
	EndGlobalSection
EndGlobal
