
Microsoft Visual Studio Solution File, Format Version 11.00
# Visual C# Express 2010
Project("{FAE04EC0-301F-11D3-BF4B-00C04F79EFBC}") = "QwerkStart", "QwerkStart.csproj", "{68ED8CA0-C8BB-4790-83CC-DF7C43A7777B}"
EndProject
Global
	GlobalSection(SolutionConfigurationPlatforms) = preSolution
		Debug|Any CPU = Debug|Any CPU
		Release|Any CPU = Release|Any CPU
	EndGlobalSection
	GlobalSection(ProjectConfigurationPlatforms) = postSolution
		{68ED8CA0-C8BB-4790-83CC-DF7C43A7777B}.Debug|Any CPU.ActiveCfg = Debug|Any CPU
		{68ED8CA0-C8BB-4790-83CC-DF7C43A7777B}.Debug|Any CPU.Build.0 = Debug|Any CPU
		{68ED8CA0-C8BB-4790-83CC-DF7C43A7777B}.Release|Any CPU.ActiveCfg = Release|Any CPU
		{68ED8CA0-C8BB-4790-83CC-DF7C43A7777B}.Release|Any CPU.Build.0 = Release|Any CPU
	EndGlobalSection
	GlobalSection(SolutionProperties) = preSolution
		HideSolutionNode = FALSE
	EndGlobalSection
EndGlobal
