
Microsoft Visual Studio Solution File, Format Version 11.00
# Visual C# Express 2010
Project("{FAE04EC0-301F-11D3-BF4B-00C04F79EFBC}") = "MotionDetector", "MotionDetector.csproj", "{9800A224-0BF0-4D5D-A03C-AA7A4842D3B8}"
EndProject
Global
	GlobalSection(SolutionConfigurationPlatforms) = preSolution
		Debug|Any CPU = Debug|Any CPU
		Release|Any CPU = Release|Any CPU
	EndGlobalSection
	GlobalSection(ProjectConfigurationPlatforms) = postSolution
		{9800A224-0BF0-4D5D-A03C-AA7A4842D3B8}.Debug|Any CPU.ActiveCfg = Debug|Any CPU
		{9800A224-0BF0-4D5D-A03C-AA7A4842D3B8}.Debug|Any CPU.Build.0 = Debug|Any CPU
		{9800A224-0BF0-4D5D-A03C-AA7A4842D3B8}.Release|Any CPU.ActiveCfg = Release|Any CPU
		{9800A224-0BF0-4D5D-A03C-AA7A4842D3B8}.Release|Any CPU.Build.0 = Release|Any CPU
	EndGlobalSection
	GlobalSection(SolutionProperties) = preSolution
		HideSolutionNode = FALSE
	EndGlobalSection
EndGlobal
