
Microsoft Visual Studio Solution File, Format Version 12.00
# Visual Studio 15
VisualStudioVersion = 15.0.28307.489
MinimumVisualStudioVersion = 10.0.40219.1
Project("{FAE04EC0-301F-11D3-BF4B-00C04F79EFBC}") = "MonoTest", "MonoTest\MonoTest.csproj", "{77464016-C96C-4160-A056-227055AD5220}"
EndProject
Global
	GlobalSection(SolutionConfigurationPlatforms) = preSolution
		Debug|Any CPU = Debug|Any CPU
		Release|Any CPU = Release|Any CPU
	EndGlobalSection
	GlobalSection(ProjectConfigurationPlatforms) = postSolution
		{77464016-C96C-4160-A056-227055AD5220}.Debug|Any CPU.ActiveCfg = Debug|Any CPU
		{77464016-C96C-4160-A056-227055AD5220}.Debug|Any CPU.Build.0 = Debug|Any CPU
		{77464016-C96C-4160-A056-227055AD5220}.Release|Any CPU.ActiveCfg = Release|Any CPU
		{77464016-C96C-4160-A056-227055AD5220}.Release|Any CPU.Build.0 = Release|Any CPU
	EndGlobalSection
	GlobalSection(SolutionProperties) = preSolution
		HideSolutionNode = FALSE
	EndGlobalSection
	GlobalSection(ExtensibilityGlobals) = postSolution
		SolutionGuid = {F7DE2F82-9BFB-43FE-BDDB-61CA9587453E}
	EndGlobalSection
EndGlobal
