
Microsoft Visual Studio Solution File, Format Version 11.00
# Visual Studio 2010
Project("{FAE04EC0-301F-11D3-BF4B-00C04F79EFBC}") = "Deep Learning", "Deep Learning.csproj", "{07337787-AD77-4061-A0A0-C8D83AF3B977}"
EndProject
Global
	GlobalSection(SolutionConfigurationPlatforms) = preSolution
		Debug|x86 = Debug|x86
		Release|x86 = Release|x86
	EndGlobalSection
	GlobalSection(ProjectConfigurationPlatforms) = postSolution
		{07337787-AD77-4061-A0A0-C8D83AF3B977}.Debug|x86.ActiveCfg = Debug|x86
		{07337787-AD77-4061-A0A0-C8D83AF3B977}.Debug|x86.Build.0 = Debug|x86
		{07337787-AD77-4061-A0A0-C8D83AF3B977}.Release|x86.ActiveCfg = Release|x86
		{07337787-AD77-4061-A0A0-C8D83AF3B977}.Release|x86.Build.0 = Release|x86
	EndGlobalSection
	GlobalSection(SolutionProperties) = preSolution
		HideSolutionNode = FALSE
	EndGlobalSection
EndGlobal
