
Microsoft Visual Studio Solution File, Format Version 11.00
# Visual C# Express 2010
Project("{FAE04EC0-301F-11D3-BF4B-00C04F79EFBC}") = "ImageViewer", "ImageViewer.csproj", "{EE5B96F4-EEB3-4606-98C9-6F1242B41FD2}"
EndProject
Global
	GlobalSection(SolutionConfigurationPlatforms) = preSolution
		Debug|Any CPU = Debug|Any CPU
		Release|Any CPU = Release|Any CPU
	EndGlobalSection
	GlobalSection(ProjectConfigurationPlatforms) = postSolution
		{EE5B96F4-EEB3-4606-98C9-6F1242B41FD2}.Debug|Any CPU.ActiveCfg = Debug|Any CPU
		{EE5B96F4-EEB3-4606-98C9-6F1242B41FD2}.Debug|Any CPU.Build.0 = Debug|Any CPU
		{EE5B96F4-EEB3-4606-98C9-6F1242B41FD2}.Release|Any CPU.ActiveCfg = Release|Any CPU
		{EE5B96F4-EEB3-4606-98C9-6F1242B41FD2}.Release|Any CPU.Build.0 = Release|Any CPU
	EndGlobalSection
	GlobalSection(SolutionProperties) = preSolution
		HideSolutionNode = FALSE
	EndGlobalSection
EndGlobal
