
Microsoft Visual Studio Solution File, Format Version 10.00
# Visual Studio 2008
Project("{FAE04EC0-301F-11D3-BF4B-00C04F79EFBC}") = "Neuro (mono)", "Neuro (mono).csproj", "{81CCAD97-7643-4995-AB8C-84F731631E78}"
EndProject
Global
	GlobalSection(SolutionConfigurationPlatforms) = preSolution
		Debug|Any CPU = Debug|Any CPU
		Release|Any CPU = Release|Any CPU
	EndGlobalSection
	GlobalSection(ProjectConfigurationPlatforms) = postSolution
		{81CCAD97-7643-4995-AB8C-84F731631E78}.Debug|Any CPU.ActiveCfg = Debug|Any CPU
		{81CCAD97-7643-4995-AB8C-84F731631E78}.Debug|Any CPU.Build.0 = Debug|Any CPU
		{81CCAD97-7643-4995-AB8C-84F731631E78}.Release|Any CPU.ActiveCfg = Release|Any CPU
		{81CCAD97-7643-4995-AB8C-84F731631E78}.Release|Any CPU.Build.0 = Release|Any CPU
	EndGlobalSection
	GlobalSection(MonoDevelopProperties) = preSolution
		StartupItem = Neuro (mono).csproj
	EndGlobalSection
EndGlobal
