
Microsoft Visual Studio Solution File, Format Version 11.00
# Visual C# Express 2010
Project("{FAE04EC0-301F-11D3-BF4B-00C04F79EFBC}") = "ipprototyper", "ipprototyper.csproj", "{257502A9-6C82-4F86-815D-2CE0FA8C0036}"
EndProject
Project("{FAE04EC0-301F-11D3-BF4B-00C04F79EFBC}") = "Interfaces", "Interfaces\Interfaces.csproj", "{BE2859E0-ED2E-4038-9B11-9E410FEA25F0}"
EndProject
Global
	GlobalSection(SolutionConfigurationPlatforms) = preSolution
		Debug|Any CPU = Debug|Any CPU
		Release|Any CPU = Release|Any CPU
	EndGlobalSection
	GlobalSection(ProjectConfigurationPlatforms) = postSolution
		{257502A9-6C82-4F86-815D-2CE0FA8C0036}.Debug|Any CPU.ActiveCfg = Debug|Any CPU
		{257502A9-6C82-4F86-815D-2CE0FA8C0036}.Debug|Any CPU.Build.0 = Debug|Any CPU
		{257502A9-6C82-4F86-815D-2CE0FA8C0036}.Release|Any CPU.ActiveCfg = Release|Any CPU
		{257502A9-6C82-4F86-815D-2CE0FA8C0036}.Release|Any CPU.Build.0 = Release|Any CPU
		{BE2859E0-ED2E-4038-9B11-9E410FEA25F0}.Debug|Any CPU.ActiveCfg = Debug|Any CPU
		{BE2859E0-ED2E-4038-9B11-9E410FEA25F0}.Debug|Any CPU.Build.0 = Debug|Any CPU
		{BE2859E0-ED2E-4038-9B11-9E410FEA25F0}.Release|Any CPU.ActiveCfg = Release|Any CPU
		{BE2859E0-ED2E-4038-9B11-9E410FEA25F0}.Release|Any CPU.Build.0 = Release|Any CPU
	EndGlobalSection
	GlobalSection(SolutionProperties) = preSolution
		HideSolutionNode = FALSE
	EndGlobalSection
EndGlobal
