Microsoft Visual Studio Solution File, Format Version 11.00
# Visual C# Express 2010
Project("{FAE04EC0-301F-11D3-BF4B-00C04F79EFBC}") = "2DOrganizing", "2DOrganizing.csproj", "{C646B987-EA7E-4D82-A930-448DE583FEB3}"
EndProject
Global
	GlobalSection(SolutionConfigurationPlatforms) = preSolution
		Debug|Any CPU = Debug|Any CPU
		Release|Any CPU = Release|Any CPU
	EndGlobalSection
	GlobalSection(ProjectConfigurationPlatforms) = postSolution
		{C646B987-EA7E-4D82-A930-448DE583FEB3}.Debug|Any CPU.ActiveCfg = Debug|Any CPU
		{C646B987-EA7E-4D82-A930-448DE583FEB3}.Debug|Any CPU.Build.0 = Debug|Any CPU
		{C646B987-EA7E-4D82-A930-448DE583FEB3}.Release|Any CPU.ActiveCfg = Release|Any CPU
		{C646B987-EA7E-4D82-A930-448DE583FEB3}.Release|Any CPU.Build.0 = Release|Any CPU
	EndGlobalSection
	GlobalSection(SolutionProperties) = preSolution
		HideSolutionNode = FALSE
	EndGlobalSection
EndGlobal
