
Microsoft Visual Studio Solution File, Format Version 12.00
# Visual Studio 15
VisualStudioVersion = 15.0.26906.1
MinimumVisualStudioVersion = 10.0.40219.1
Project("{FAE04EC0-301F-11D3-BF4B-00C04F79EFBC}") = "Accord.Setup", "Accord.Setup.csproj", "{F00F5E2D-D181-4FCC-8F2E-FDCB90F4721B}"
EndProject
Global
	GlobalSection(SolutionConfigurationPlatforms) = preSolution
		Debug|Any CPU = Debug|Any CPU
	EndGlobalSection
	GlobalSection(ProjectConfigurationPlatforms) = postSolution
		{F00F5E2D-D181-4FCC-8F2E-FDCB90F4721B}.Debug|Any CPU.ActiveCfg = Debug|Any CPU
		{F00F5E2D-D181-4FCC-8F2E-FDCB90F4721B}.Debug|Any CPU.Build.0 = Debug|Any CPU
	EndGlobalSection
	GlobalSection(SolutionProperties) = preSolution
		HideSolutionNode = FALSE
	EndGlobalSection
	GlobalSection(ExtensibilityGlobals) = postSolution
		SolutionGuid = {1712148D-B917-486E-87D2-A07ABFCA8BD7}
	EndGlobalSection
EndGlobal
