
Microsoft Visual Studio Solution File, Format Version 12.00
# Visual Studio 15
VisualStudioVersion = 15.0.25928.0
MinimumVisualStudioVersion = 10.0.40219.1
Project("{8BC9CEB8-8B4A-11D0-8D11-00A0C91BC942}") = "Accord.Video.FFMPEG.GPL", "Accord.Video.FFMPEG.GPL.vcxproj", "{66CE3CBF-5037-4E25-873F-CF1B97273B07}"
EndProject
Global
	GlobalSection(SolutionConfigurationPlatforms) = preSolution
		Debug|x64 = Debug|x64
		Debug|x86 = Debug|x86
		NET45|x64 = NET45|x64
		NET45|x86 = NET45|x86
		NET46|x64 = NET46|x64
		NET46|x86 = NET46|x86
	EndGlobalSection
	GlobalSection(ProjectConfigurationPlatforms) = postSolution
		{66CE3CBF-5037-4E25-873F-CF1B97273B07}.Debug|x64.ActiveCfg = Debug|x64
		{66CE3CBF-5037-4E25-873F-CF1B97273B07}.Debug|x64.Build.0 = Debug|x64
		{66CE3CBF-5037-4E25-873F-CF1B97273B07}.Debug|x86.ActiveCfg = Debug|Win32
		{66CE3CBF-5037-4E25-873F-CF1B97273B07}.Debug|x86.Build.0 = Debug|Win32
		{66CE3CBF-5037-4E25-873F-CF1B97273B07}.NET45|x64.ActiveCfg = NET45|x64
		{66CE3CBF-5037-4E25-873F-CF1B97273B07}.NET45|x64.Build.0 = NET45|x64
		{66CE3CBF-5037-4E25-873F-CF1B97273B07}.NET45|x86.ActiveCfg = NET45|Win32
		{66CE3CBF-5037-4E25-873F-CF1B97273B07}.NET45|x86.Build.0 = NET45|Win32
		{66CE3CBF-5037-4E25-873F-CF1B97273B07}.NET46|x64.ActiveCfg = NET46|x64
		{66CE3CBF-5037-4E25-873F-CF1B97273B07}.NET46|x64.Build.0 = NET46|x64
		{66CE3CBF-5037-4E25-873F-CF1B97273B07}.NET46|x86.ActiveCfg = NET46|Win32
		{66CE3CBF-5037-4E25-873F-CF1B97273B07}.NET46|x86.Build.0 = NET46|Win32
	EndGlobalSection
	GlobalSection(SolutionProperties) = preSolution
		HideSolutionNode = FALSE
	EndGlobalSection
EndGlobal
