
Microsoft Visual Studio Solution File, Format Version 11.00
# Visual C++ Express 2010
Project("{8BC9CEB8-8B4A-11D0-8D11-00A0C91BC942}") = "Video.FFMPEG", "Video.FFMPEG.vcxproj", "{FF31DD24-127D-4EB1-929C-F5738147E886}"
EndProject
Global
	GlobalSection(SolutionConfigurationPlatforms) = preSolution
		Debug|Win32 = Debug|Win32
		Release|Win32 = Release|Win32
	EndGlobalSection
	GlobalSection(ProjectConfigurationPlatforms) = postSolution
		{FF31DD24-127D-4EB1-929C-F5738147E886}.Debug|Win32.ActiveCfg = Debug|Win32
		{FF31DD24-127D-4EB1-929C-F5738147E886}.Debug|Win32.Build.0 = Debug|Win32
		{FF31DD24-127D-4EB1-929C-F5738147E886}.Release|Win32.ActiveCfg = Release|Win32
		{FF31DD24-127D-4EB1-929C-F5738147E886}.Release|Win32.Build.0 = Release|Win32
	EndGlobalSection
	GlobalSection(SolutionProperties) = preSolution
		HideSolutionNode = FALSE
	EndGlobalSection
EndGlobal
