
Microsoft Visual Studio Solution File, Format Version 11.00
# Visual C# Express 2010
Project("{FAE04EC0-301F-11D3-BF4B-00C04F79EFBC}") = "SRVTest", "SRVTest.csproj", "{FF26D770-5F16-4E26-9C80-BFE1026573DF}"
EndProject
Global
	GlobalSection(SolutionConfigurationPlatforms) = preSolution
		Debug|Any CPU = Debug|Any CPU
		Release|Any CPU = Release|Any CPU
	EndGlobalSection
	GlobalSection(ProjectConfigurationPlatforms) = postSolution
		{FF26D770-5F16-4E26-9C80-BFE1026573DF}.Debug|Any CPU.ActiveCfg = Debug|Any CPU
		{FF26D770-5F16-4E26-9C80-BFE1026573DF}.Debug|Any CPU.Build.0 = Debug|Any CPU
		{FF26D770-5F16-4E26-9C80-BFE1026573DF}.Release|Any CPU.ActiveCfg = Release|Any CPU
		{FF26D770-5F16-4E26-9C80-BFE1026573DF}.Release|Any CPU.Build.0 = Release|Any CPU
	EndGlobalSection
	GlobalSection(SolutionProperties) = preSolution
		HideSolutionNode = FALSE
	EndGlobalSection
EndGlobal
