Microsoft Visual Studio Solution File, Format Version 11.00
# Visual C# Express 2010
Project("{FAE04EC0-301F-11D3-BF4B-00C04F79EFBC}") = "Classifier", "Classifier.csproj", "{531E8C46-6FA1-4B25-AF6F-10BB9FF7326D}"
EndProject
Global
	GlobalSection(SolutionConfigurationPlatforms) = preSolution
		Debug|Any CPU = Debug|Any CPU
		Release|Any CPU = Release|Any CPU
	EndGlobalSection
	GlobalSection(ProjectConfigurationPlatforms) = postSolution
		{531E8C46-6FA1-4B25-AF6F-10BB9FF7326D}.Debug|Any CPU.ActiveCfg = Debug|Any CPU
		{531E8C46-6FA1-4B25-AF6F-10BB9FF7326D}.Debug|Any CPU.Build.0 = Debug|Any CPU
		{531E8C46-6FA1-4B25-AF6F-10BB9FF7326D}.Release|Any CPU.ActiveCfg = Release|Any CPU
		{531E8C46-6FA1-4B25-AF6F-10BB9FF7326D}.Release|Any CPU.Build.0 = Release|Any CPU
	EndGlobalSection
	GlobalSection(SolutionProperties) = preSolution
		HideSolutionNode = FALSE
	EndGlobalSection
EndGlobal
